// !$*UTF8*$!
{
	archiveVersion = 1;
	classes = {
	};
	objectVersion = 51;
	objects = {

/* Begin PBXBuildFile section */
		16157E8424E0D8DC00C850C7 /* SongCollectionViewCell.swift in Sources */ = {isa = PBXBuildFile; fileRef = 16157E8324E0D8DC00C850C7 /* SongCollectionViewCell.swift */; };
		161C12E524CD9B59002E9246 /* DesignableView.swift in Sources */ = {isa = PBXBuildFile; fileRef = 161C12E424CD9B59002E9246 /* DesignableView.swift */; };
		1623F4E82501210400FCD17F /* popup.swift in Sources */ = {isa = PBXBuildFile; fileRef = 1623F4E72501210400FCD17F /* popup.swift */; };
		163E5C2D25027C2F00A8E6D9 /* AjiteListViewController.swift in Sources */ = {isa = PBXBuildFile; fileRef = 163E5C2C25027C2F00A8E6D9 /* AjiteListViewController.swift */; };
		163E5C2F25027F1B00A8E6D9 /* UpdatedAjiteViewController.swift in Sources */ = {isa = PBXBuildFile; fileRef = 163E5C2E25027F1B00A8E6D9 /* UpdatedAjiteViewController.swift */; };
		1643B52C24E26ED800548D00 /* MembersToAddTableViewCell.swift in Sources */ = {isa = PBXBuildFile; fileRef = 1643B52B24E26ED700548D00 /* MembersToAddTableViewCell.swift */; };
		1645658424CE889100DDA830 /* made.otf in Resources */ = {isa = PBXBuildFile; fileRef = 1645658324CE889100DDA830 /* made.otf */; };
		1645EB0E24D688EE007ACBF5 /* AddToPlaylistViewController.swift in Sources */ = {isa = PBXBuildFile; fileRef = 1645EB0D24D688EE007ACBF5 /* AddToPlaylistViewController.swift */; };
		1645EB1424D6B246007ACBF5 /* CircleImageView.swift in Sources */ = {isa = PBXBuildFile; fileRef = 1645EB1324D6B246007ACBF5 /* CircleImageView.swift */; };
		1645EB1624D6E1FE007ACBF5 /* SettingsViewController.swift in Sources */ = {isa = PBXBuildFile; fileRef = 1645EB1524D6E1FE007ACBF5 /* SettingsViewController.swift */; };
		164B125D24D17A240069B5EC /* ProfileViewController.swift in Sources */ = {isa = PBXBuildFile; fileRef = 164B125C24D17A240069B5EC /* ProfileViewController.swift */; };
		164B125F24D17A5B0069B5EC /* CreateAjiteViewController.swift in Sources */ = {isa = PBXBuildFile; fileRef = 164B125E24D17A5B0069B5EC /* CreateAjiteViewController.swift */; };
		164B126124D17A640069B5EC /* HomeViewController.swift in Sources */ = {isa = PBXBuildFile; fileRef = 164B126024D17A640069B5EC /* HomeViewController.swift */; };
		164B126524D17AAB0069B5EC /* PlaylistViewController.swift in Sources */ = {isa = PBXBuildFile; fileRef = 164B126424D17AAB0069B5EC /* PlaylistViewController.swift */; };
		16502AD425091647004FB8B2 /* InvitationTableViewCell.swift in Sources */ = {isa = PBXBuildFile; fileRef = 16502AD325091647004FB8B2 /* InvitationTableViewCell.swift */; };
		1654349324D9936E001B05C2 /* ShareSongsViewController.swift in Sources */ = {isa = PBXBuildFile; fileRef = 1654349224D9936E001B05C2 /* ShareSongsViewController.swift */; };
		1654349F24D9B280001B05C2 /* PlaylistTableViewCell.swift in Sources */ = {isa = PBXBuildFile; fileRef = 1654349E24D9B280001B05C2 /* PlaylistTableViewCell.swift */; };
		1658B1DC24DC3BC90023469B /* MemberInAjiteTableViewCell.swift in Sources */ = {isa = PBXBuildFile; fileRef = 1658B1DB24DC3BC90023469B /* MemberInAjiteTableViewCell.swift */; };
		1658B1E224DC7ADC0023469B /* Assets.xcassets in Resources */ = {isa = PBXBuildFile; fileRef = 1658B1E124DC7ADC0023469B /* Assets.xcassets */; };
		1658B1E524DC8A630023469B /* AddToPlaylistTableViewCell.swift in Sources */ = {isa = PBXBuildFile; fileRef = 1658B1E424DC8A630023469B /* AddToPlaylistTableViewCell.swift */; };
		1658B1E924DC9A270023469B /* BiographyViewController.swift in Sources */ = {isa = PBXBuildFile; fileRef = 1658B1E824DC9A270023469B /* BiographyViewController.swift */; };
		165E15FD24DE89C500CD4F03 /* FriendsToAjiteViewController.swift in Sources */ = {isa = PBXBuildFile; fileRef = 165E15FC24DE89C500CD4F03 /* FriendsToAjiteViewController.swift */; };
		165E15FF24DE8B7200CD4F03 /* SearchFriendsTableView.swift in Sources */ = {isa = PBXBuildFile; fileRef = 165E15FE24DE8B7200CD4F03 /* SearchFriendsTableView.swift */; };
		167BC0A624DB01030041A510 /* SongTableViewCell.swift in Sources */ = {isa = PBXBuildFile; fileRef = 167BC0A524DB01030041A510 /* SongTableViewCell.swift */; };
		1695F5AA24DAB13700B9601E /* AjiteTableViewCell.swift in Sources */ = {isa = PBXBuildFile; fileRef = 1695F5A924DAB13700B9601E /* AjiteTableViewCell.swift */; };
		1698669524D9569800946C2F /* ClassFiles.swift in Sources */ = {isa = PBXBuildFile; fileRef = 1698669424D9569800946C2F /* ClassFiles.swift */; };
		1698B9A924DAC99C005DE79F /* proxima-alt.otf in Resources */ = {isa = PBXBuildFile; fileRef = 1698B9A824DAC99C005DE79F /* proxima-alt.otf */; };
		1698B9AD24DAC9BE005DE79F /* proxima-regular.otf in Resources */ = {isa = PBXBuildFile; fileRef = 1698B9AA24DAC9BD005DE79F /* proxima-regular.otf */; };
		1698B9AE24DAC9BE005DE79F /* proxima-black.otf in Resources */ = {isa = PBXBuildFile; fileRef = 1698B9AB24DAC9BD005DE79F /* proxima-black.otf */; };
		1698B9AF24DAC9BE005DE79F /* proxima-thin.otf in Resources */ = {isa = PBXBuildFile; fileRef = 1698B9AC24DAC9BE005DE79F /* proxima-thin.otf */; };
		16A36BAF2509B23B005F32DF /* NotificationTableViewController.swift in Sources */ = {isa = PBXBuildFile; fileRef = 16A36BAE2509B23B005F32DF /* NotificationTableViewController.swift */; };
		16A36BB12509B75E005F32DF /* SongInboxViewController.swift in Sources */ = {isa = PBXBuildFile; fileRef = 16A36BB02509B75E005F32DF /* SongInboxViewController.swift */; };
		16ACEC0925087329005E8AE1 /* UpdatedTableViewCell.swift in Sources */ = {isa = PBXBuildFile; fileRef = 16ACEC0825087329005E8AE1 /* UpdatedTableViewCell.swift */; };
		16AE4AEA24CC761400807ECB /* AppDelegate.swift in Sources */ = {isa = PBXBuildFile; fileRef = 16AE4AE924CC761400807ECB /* AppDelegate.swift */; };
		16AE4AEC24CC761400807ECB /* SceneDelegate.swift in Sources */ = {isa = PBXBuildFile; fileRef = 16AE4AEB24CC761400807ECB /* SceneDelegate.swift */; };
		16AE4AEE24CC761400807ECB /* LoginViewControllers.swift in Sources */ = {isa = PBXBuildFile; fileRef = 16AE4AED24CC761400807ECB /* LoginViewControllers.swift */; };
		16AE4AF124CC761400807ECB /* Main.storyboard in Resources */ = {isa = PBXBuildFile; fileRef = 16AE4AEF24CC761400807ECB /* Main.storyboard */; settings = {ASSET_TAGS = ("친구검색", ); }; };
		16AE4AF424CC761400807ECB /* ajite.xcdatamodeld in Sources */ = {isa = PBXBuildFile; fileRef = 16AE4AF224CC761400807ECB /* ajite.xcdatamodeld */; };
		16AE4AF924CC761800807ECB /* LaunchScreen.storyboard in Resources */ = {isa = PBXBuildFile; fileRef = 16AE4AF724CC761800807ECB /* LaunchScreen.storyboard */; };
		16AE4B0424CC761900807ECB /* ajiteTests.swift in Sources */ = {isa = PBXBuildFile; fileRef = 16AE4B0324CC761900807ECB /* ajiteTests.swift */; };
		16AE4B0F24CC761900807ECB /* ajiteUITests.swift in Sources */ = {isa = PBXBuildFile; fileRef = 16AE4B0E24CC761900807ECB /* ajiteUITests.swift */; };
		16B04A4A24DF349600824FA2 /* RequestViewController.swift in Sources */ = {isa = PBXBuildFile; fileRef = 16B04A4924DF349600824FA2 /* RequestViewController.swift */; };
		16C133D224D70B4D00DA4177 /* AjiteRoomViewController.swift in Sources */ = {isa = PBXBuildFile; fileRef = 16C133D124D70B4D00DA4177 /* AjiteRoomViewController.swift */; };
		16C133E624D852C200DA4177 /* PlaylistSongListViewController.swift in Sources */ = {isa = PBXBuildFile; fileRef = 16C133E524D852C200DA4177 /* PlaylistSongListViewController.swift */; };
		16CE647924DB9C97001F9383 /* MemberTableViewController.swift in Sources */ = {isa = PBXBuildFile; fileRef = 16CE647824DB9C97001F9383 /* MemberTableViewController.swift */; };
		16E0094B24DE8DCC0000DFAE /* AddedFriendsTableViewCell.swift in Sources */ = {isa = PBXBuildFile; fileRef = 16E0094A24DE8DCC0000DFAE /* AddedFriendsTableViewCell.swift */; };
		16F1C0FA24DE549B00DEF4F5 /* ManageFriendsViewController.swift in Sources */ = {isa = PBXBuildFile; fileRef = 16F1C0F924DE549B00DEF4F5 /* ManageFriendsViewController.swift */; };
		16F1C0FC24DE55E700DEF4F5 /* ManageFriendsTableViewCell.swift in Sources */ = {isa = PBXBuildFile; fileRef = 16F1C0FB24DE55E700DEF4F5 /* ManageFriendsTableViewCell.swift */; };
		4454D92428444DD2E94790B1 /* Pods_ajite.framework in Frameworks */ = {isa = PBXBuildFile; fileRef = 5E9E5440D1400A64D19390EB /* Pods_ajite.framework */; };
		6E38B3F424DB0A3000208254 /* UserlistTableViewCell.swift in Sources */ = {isa = PBXBuildFile; fileRef = 6E38B3F324DB0A2F00208254 /* UserlistTableViewCell.swift */; };
		6EC6260224DD5A5F00B7555B /* UserViewController.swift in Sources */ = {isa = PBXBuildFile; fileRef = 6EC6260024DD5A5F00B7555B /* UserViewController.swift */; };
		6EC6260324DD5A5F00B7555B /* UserTableViewCell.swift in Sources */ = {isa = PBXBuildFile; fileRef = 6EC6260124DD5A5F00B7555B /* UserTableViewCell.swift */; };
		6EE115E824DF0ECD00CA4170 /* RequestTableViewCell.swift in Sources */ = {isa = PBXBuildFile; fileRef = 6EE115E724DF0ECD00CA4170 /* RequestTableViewCell.swift */; };
		88E9E0386C80A66D2581E2A1 /* Pods_ajiteTests.framework in Frameworks */ = {isa = PBXBuildFile; fileRef = E6EDDE5E10C511E0A73FB873 /* Pods_ajiteTests.framework */; };
		DE7E8D542502628E00FA14F5 /* GoogleService-Info.plist in Resources */ = {isa = PBXBuildFile; fileRef = DE7E8D532502628E00FA14F5 /* GoogleService-Info.plist */; };
		DE7E8D552502628E00FA14F5 /* GoogleService-Info.plist in Resources */ = {isa = PBXBuildFile; fileRef = DE7E8D532502628E00FA14F5 /* GoogleService-Info.plist */; };
		DE7E8D562502628E00FA14F5 /* GoogleService-Info.plist in Resources */ = {isa = PBXBuildFile; fileRef = DE7E8D532502628E00FA14F5 /* GoogleService-Info.plist */; };
		DEA14A2724D422A400B7FA2D /* TabBarMenuViewController.swift in Sources */ = {isa = PBXBuildFile; fileRef = DEA14A2624D422A400B7FA2D /* TabBarMenuViewController.swift */; };
		DEA14A3124D58B2A00B7FA2D /* YoutubePlayerViewController.swift in Sources */ = {isa = PBXBuildFile; fileRef = DEA14A3024D58B2A00B7FA2D /* YoutubePlayerViewController.swift */; };
		DEADE04624E234AA00DB5ED2 /* FriendProfileViewController.swift in Sources */ = {isa = PBXBuildFile; fileRef = DEADE04524E234AA00DB5ED2 /* FriendProfileViewController.swift */; };
		DEADE04A24E25E2200DB5ED2 /* MyFriendsTableViewCell.swift in Sources */ = {isa = PBXBuildFile; fileRef = DEADE04924E25E2200DB5ED2 /* MyFriendsTableViewCell.swift */; };
		DED28A6A24D926CB002CFC18 /* SettingTableViewController.swift in Sources */ = {isa = PBXBuildFile; fileRef = DED28A6924D926CB002CFC18 /* SettingTableViewController.swift */; };
		EDCB4B02D9684AD84FD0A9D2 /* Pods_ajite_ajiteUITests.framework in Frameworks */ = {isa = PBXBuildFile; fileRef = 0DA573CE83B6561AC2E4F045 /* Pods_ajite_ajiteUITests.framework */; };
/* End PBXBuildFile section */

/* Begin PBXContainerItemProxy section */
		16AE4B0024CC761900807ECB /* PBXContainerItemProxy */ = {
			isa = PBXContainerItemProxy;
			containerPortal = 16AE4ADE24CC761400807ECB /* Project object */;
			proxyType = 1;
			remoteGlobalIDString = 16AE4AE524CC761400807ECB;
			remoteInfo = ajite;
		};
		16AE4B0B24CC761900807ECB /* PBXContainerItemProxy */ = {
			isa = PBXContainerItemProxy;
			containerPortal = 16AE4ADE24CC761400807ECB /* Project object */;
			proxyType = 1;
			remoteGlobalIDString = 16AE4AE524CC761400807ECB;
			remoteInfo = ajite;
		};
/* End PBXContainerItemProxy section */

/* Begin PBXFileReference section */
		043B146315D5E8D49DC27CB8 /* Pods-ajiteTests.release.xcconfig */ = {isa = PBXFileReference; includeInIndex = 1; lastKnownFileType = text.xcconfig; name = "Pods-ajiteTests.release.xcconfig"; path = "Target Support Files/Pods-ajiteTests/Pods-ajiteTests.release.xcconfig"; sourceTree = "<group>"; };
		0DA573CE83B6561AC2E4F045 /* Pods_ajite_ajiteUITests.framework */ = {isa = PBXFileReference; explicitFileType = wrapper.framework; includeInIndex = 0; path = Pods_ajite_ajiteUITests.framework; sourceTree = BUILT_PRODUCTS_DIR; };
		16157E8324E0D8DC00C850C7 /* SongCollectionViewCell.swift */ = {isa = PBXFileReference; lastKnownFileType = sourcecode.swift; name = SongCollectionViewCell.swift; path = ajite/tableViewCells/SongCollectionViewCell.swift; sourceTree = SOURCE_ROOT; };
		161C12E424CD9B59002E9246 /* DesignableView.swift */ = {isa = PBXFileReference; lastKnownFileType = sourcecode.swift; path = DesignableView.swift; sourceTree = "<group>"; };
		1623F4E72501210400FCD17F /* popup.swift */ = {isa = PBXFileReference; lastKnownFileType = sourcecode.swift; path = popup.swift; sourceTree = "<group>"; };
		163E5C2C25027C2F00A8E6D9 /* AjiteListViewController.swift */ = {isa = PBXFileReference; lastKnownFileType = sourcecode.swift; path = AjiteListViewController.swift; sourceTree = "<group>"; };
		163E5C2E25027F1B00A8E6D9 /* UpdatedAjiteViewController.swift */ = {isa = PBXFileReference; lastKnownFileType = sourcecode.swift; name = UpdatedAjiteViewController.swift; path = ajite/Ajite/UpdatedAjiteViewController.swift; sourceTree = SOURCE_ROOT; };
		1643B52B24E26ED700548D00 /* MembersToAddTableViewCell.swift */ = {isa = PBXFileReference; fileEncoding = 4; lastKnownFileType = sourcecode.swift; path = MembersToAddTableViewCell.swift; sourceTree = "<group>"; };
		1645658324CE889100DDA830 /* made.otf */ = {isa = PBXFileReference; lastKnownFileType = file; name = made.otf; path = "ajite/UIResources Swift/made.otf"; sourceTree = SOURCE_ROOT; };
		1645EB0D24D688EE007ACBF5 /* AddToPlaylistViewController.swift */ = {isa = PBXFileReference; lastKnownFileType = sourcecode.swift; path = AddToPlaylistViewController.swift; sourceTree = "<group>"; };
		1645EB1324D6B246007ACBF5 /* CircleImageView.swift */ = {isa = PBXFileReference; lastKnownFileType = sourcecode.swift; path = CircleImageView.swift; sourceTree = "<group>"; };
		1645EB1524D6E1FE007ACBF5 /* SettingsViewController.swift */ = {isa = PBXFileReference; lastKnownFileType = sourcecode.swift; path = SettingsViewController.swift; sourceTree = "<group>"; };
		164B125C24D17A240069B5EC /* ProfileViewController.swift */ = {isa = PBXFileReference; lastKnownFileType = sourcecode.swift; name = ProfileViewController.swift; path = ajite/Profile/ProfileViewController.swift; sourceTree = SOURCE_ROOT; };
		164B125E24D17A5B0069B5EC /* CreateAjiteViewController.swift */ = {isa = PBXFileReference; lastKnownFileType = sourcecode.swift; path = CreateAjiteViewController.swift; sourceTree = "<group>"; };
		164B126024D17A640069B5EC /* HomeViewController.swift */ = {isa = PBXFileReference; lastKnownFileType = sourcecode.swift; path = HomeViewController.swift; sourceTree = "<group>"; };
		164B126424D17AAB0069B5EC /* PlaylistViewController.swift */ = {isa = PBXFileReference; lastKnownFileType = sourcecode.swift; path = PlaylistViewController.swift; sourceTree = "<group>"; };
		16502AD325091647004FB8B2 /* InvitationTableViewCell.swift */ = {isa = PBXFileReference; lastKnownFileType = sourcecode.swift; path = InvitationTableViewCell.swift; sourceTree = "<group>"; };
		1654349224D9936E001B05C2 /* ShareSongsViewController.swift */ = {isa = PBXFileReference; lastKnownFileType = sourcecode.swift; name = ShareSongsViewController.swift; path = ajite/ShareSongsViewController.swift; sourceTree = SOURCE_ROOT; };
		1654349E24D9B280001B05C2 /* PlaylistTableViewCell.swift */ = {isa = PBXFileReference; lastKnownFileType = sourcecode.swift; name = PlaylistTableViewCell.swift; path = ajite/tableViewCells/PlaylistTableViewCell.swift; sourceTree = SOURCE_ROOT; };
		1658B1DB24DC3BC90023469B /* MemberInAjiteTableViewCell.swift */ = {isa = PBXFileReference; fileEncoding = 4; lastKnownFileType = sourcecode.swift; path = MemberInAjiteTableViewCell.swift; sourceTree = "<group>"; };
		1658B1E124DC7ADC0023469B /* Assets.xcassets */ = {isa = PBXFileReference; lastKnownFileType = folder.assetcatalog; path = Assets.xcassets; sourceTree = "<group>"; };
		1658B1E424DC8A630023469B /* AddToPlaylistTableViewCell.swift */ = {isa = PBXFileReference; lastKnownFileType = sourcecode.swift; name = AddToPlaylistTableViewCell.swift; path = ajite/tableViewCells/AddToPlaylistTableViewCell.swift; sourceTree = SOURCE_ROOT; };
		1658B1E824DC9A270023469B /* BiographyViewController.swift */ = {isa = PBXFileReference; lastKnownFileType = sourcecode.swift; path = BiographyViewController.swift; sourceTree = "<group>"; };
		165E15FC24DE89C500CD4F03 /* FriendsToAjiteViewController.swift */ = {isa = PBXFileReference; lastKnownFileType = sourcecode.swift; path = FriendsToAjiteViewController.swift; sourceTree = "<group>"; };
		165E15FE24DE8B7200CD4F03 /* SearchFriendsTableView.swift */ = {isa = PBXFileReference; lastKnownFileType = sourcecode.swift; path = SearchFriendsTableView.swift; sourceTree = "<group>"; };
		167BC0A524DB01030041A510 /* SongTableViewCell.swift */ = {isa = PBXFileReference; lastKnownFileType = sourcecode.swift; path = SongTableViewCell.swift; sourceTree = "<group>"; };
		1695F5A924DAB13700B9601E /* AjiteTableViewCell.swift */ = {isa = PBXFileReference; lastKnownFileType = sourcecode.swift; path = AjiteTableViewCell.swift; sourceTree = "<group>"; };
		1698669424D9569800946C2F /* ClassFiles.swift */ = {isa = PBXFileReference; lastKnownFileType = sourcecode.swift; path = ClassFiles.swift; sourceTree = "<group>"; };
		1698B9A824DAC99C005DE79F /* proxima-alt.otf */ = {isa = PBXFileReference; lastKnownFileType = file; path = "proxima-alt.otf"; sourceTree = "<group>"; };
		1698B9AA24DAC9BD005DE79F /* proxima-regular.otf */ = {isa = PBXFileReference; lastKnownFileType = file; path = "proxima-regular.otf"; sourceTree = "<group>"; };
		1698B9AB24DAC9BD005DE79F /* proxima-black.otf */ = {isa = PBXFileReference; lastKnownFileType = file; path = "proxima-black.otf"; sourceTree = "<group>"; };
		1698B9AC24DAC9BE005DE79F /* proxima-thin.otf */ = {isa = PBXFileReference; lastKnownFileType = file; path = "proxima-thin.otf"; sourceTree = "<group>"; };
		16A36BAE2509B23B005F32DF /* NotificationTableViewController.swift */ = {isa = PBXFileReference; lastKnownFileType = sourcecode.swift; path = NotificationTableViewController.swift; sourceTree = "<group>"; };
		16A36BB02509B75E005F32DF /* SongInboxViewController.swift */ = {isa = PBXFileReference; lastKnownFileType = sourcecode.swift; path = SongInboxViewController.swift; sourceTree = "<group>"; };
		16ACEC0825087329005E8AE1 /* UpdatedTableViewCell.swift */ = {isa = PBXFileReference; lastKnownFileType = sourcecode.swift; path = UpdatedTableViewCell.swift; sourceTree = "<group>"; };
		16AE4AE624CC761400807ECB /* ajite.app */ = {isa = PBXFileReference; explicitFileType = wrapper.application; includeInIndex = 0; path = ajite.app; sourceTree = BUILT_PRODUCTS_DIR; };
		16AE4AE924CC761400807ECB /* AppDelegate.swift */ = {isa = PBXFileReference; lastKnownFileType = sourcecode.swift; path = AppDelegate.swift; sourceTree = "<group>"; };
		16AE4AEB24CC761400807ECB /* SceneDelegate.swift */ = {isa = PBXFileReference; lastKnownFileType = sourcecode.swift; path = SceneDelegate.swift; sourceTree = "<group>"; };
		16AE4AED24CC761400807ECB /* LoginViewControllers.swift */ = {isa = PBXFileReference; lastKnownFileType = sourcecode.swift; path = LoginViewControllers.swift; sourceTree = "<group>"; };
		16AE4AF024CC761400807ECB /* Base */ = {isa = PBXFileReference; lastKnownFileType = file.storyboard; name = Base; path = Base.lproj/Main.storyboard; sourceTree = "<group>"; };
		16AE4AF324CC761400807ECB /* ajite.xcdatamodel */ = {isa = PBXFileReference; lastKnownFileType = wrapper.xcdatamodel; path = ajite.xcdatamodel; sourceTree = "<group>"; };
		16AE4AF824CC761800807ECB /* Base */ = {isa = PBXFileReference; lastKnownFileType = file.storyboard; name = Base; path = Base.lproj/LaunchScreen.storyboard; sourceTree = "<group>"; };
		16AE4AFA24CC761800807ECB /* Info.plist */ = {isa = PBXFileReference; lastKnownFileType = text.plist.xml; path = Info.plist; sourceTree = "<group>"; };
		16AE4AFF24CC761900807ECB /* ajiteTests.xctest */ = {isa = PBXFileReference; explicitFileType = wrapper.cfbundle; includeInIndex = 0; path = ajiteTests.xctest; sourceTree = BUILT_PRODUCTS_DIR; };
		16AE4B0324CC761900807ECB /* ajiteTests.swift */ = {isa = PBXFileReference; lastKnownFileType = sourcecode.swift; path = ajiteTests.swift; sourceTree = "<group>"; };
		16AE4B0524CC761900807ECB /* Info.plist */ = {isa = PBXFileReference; lastKnownFileType = text.plist.xml; path = Info.plist; sourceTree = "<group>"; };
		16AE4B0A24CC761900807ECB /* ajiteUITests.xctest */ = {isa = PBXFileReference; explicitFileType = wrapper.cfbundle; includeInIndex = 0; path = ajiteUITests.xctest; sourceTree = BUILT_PRODUCTS_DIR; };
		16AE4B0E24CC761900807ECB /* ajiteUITests.swift */ = {isa = PBXFileReference; lastKnownFileType = sourcecode.swift; path = ajiteUITests.swift; sourceTree = "<group>"; };
		16AE4B1024CC761900807ECB /* Info.plist */ = {isa = PBXFileReference; lastKnownFileType = text.plist.xml; path = Info.plist; sourceTree = "<group>"; };
		16B04A4924DF349600824FA2 /* RequestViewController.swift */ = {isa = PBXFileReference; fileEncoding = 4; lastKnownFileType = sourcecode.swift; path = RequestViewController.swift; sourceTree = "<group>"; };
		16C133D124D70B4D00DA4177 /* AjiteRoomViewController.swift */ = {isa = PBXFileReference; lastKnownFileType = sourcecode.swift; path = AjiteRoomViewController.swift; sourceTree = "<group>"; };
		16C133E524D852C200DA4177 /* PlaylistSongListViewController.swift */ = {isa = PBXFileReference; lastKnownFileType = sourcecode.swift; name = PlaylistSongListViewController.swift; path = ajite/Playlist/PlaylistSongListViewController.swift; sourceTree = SOURCE_ROOT; };
		16CE647824DB9C97001F9383 /* MemberTableViewController.swift */ = {isa = PBXFileReference; lastKnownFileType = sourcecode.swift; path = MemberTableViewController.swift; sourceTree = "<group>"; };
		16E0094A24DE8DCC0000DFAE /* AddedFriendsTableViewCell.swift */ = {isa = PBXFileReference; lastKnownFileType = sourcecode.swift; path = AddedFriendsTableViewCell.swift; sourceTree = "<group>"; };
		16F1C0F924DE549B00DEF4F5 /* ManageFriendsViewController.swift */ = {isa = PBXFileReference; lastKnownFileType = sourcecode.swift; name = ManageFriendsViewController.swift; path = ajite/Profile/ManageFriendsViewController.swift; sourceTree = SOURCE_ROOT; };
		16F1C0FB24DE55E700DEF4F5 /* ManageFriendsTableViewCell.swift */ = {isa = PBXFileReference; lastKnownFileType = sourcecode.swift; path = ManageFriendsTableViewCell.swift; sourceTree = "<group>"; };
		5E9E5440D1400A64D19390EB /* Pods_ajite.framework */ = {isa = PBXFileReference; explicitFileType = wrapper.framework; includeInIndex = 0; path = Pods_ajite.framework; sourceTree = BUILT_PRODUCTS_DIR; };
		6BE73D4CE2190FCACFAF8390 /* Pods-ajite-ajiteUITests.debug.xcconfig */ = {isa = PBXFileReference; includeInIndex = 1; lastKnownFileType = text.xcconfig; name = "Pods-ajite-ajiteUITests.debug.xcconfig"; path = "Target Support Files/Pods-ajite-ajiteUITests/Pods-ajite-ajiteUITests.debug.xcconfig"; sourceTree = "<group>"; };
		6E38B3F324DB0A2F00208254 /* UserlistTableViewCell.swift */ = {isa = PBXFileReference; fileEncoding = 4; lastKnownFileType = sourcecode.swift; name = UserlistTableViewCell.swift; path = ajite/tableViewCells/UserlistTableViewCell.swift; sourceTree = SOURCE_ROOT; };
		6EC6260024DD5A5F00B7555B /* UserViewController.swift */ = {isa = PBXFileReference; fileEncoding = 4; lastKnownFileType = sourcecode.swift; path = UserViewController.swift; sourceTree = "<group>"; };
		6EC6260124DD5A5F00B7555B /* UserTableViewCell.swift */ = {isa = PBXFileReference; fileEncoding = 4; lastKnownFileType = sourcecode.swift; path = UserTableViewCell.swift; sourceTree = "<group>"; };
		6EE115E724DF0ECD00CA4170 /* RequestTableViewCell.swift */ = {isa = PBXFileReference; lastKnownFileType = sourcecode.swift; path = RequestTableViewCell.swift; sourceTree = "<group>"; };
		8F80B9193DA2DD3C969D1B93 /* Pods-ajite.debug.xcconfig */ = {isa = PBXFileReference; includeInIndex = 1; lastKnownFileType = text.xcconfig; name = "Pods-ajite.debug.xcconfig"; path = "Target Support Files/Pods-ajite/Pods-ajite.debug.xcconfig"; sourceTree = "<group>"; };
		AF2CD111A96A1C75C2CAF6EB /* Pods-ajiteTests.debug.xcconfig */ = {isa = PBXFileReference; includeInIndex = 1; lastKnownFileType = text.xcconfig; name = "Pods-ajiteTests.debug.xcconfig"; path = "Target Support Files/Pods-ajiteTests/Pods-ajiteTests.debug.xcconfig"; sourceTree = "<group>"; };
		D0E27FF20CDD238C12E8100C /* Pods-ajite-ajiteUITests.release.xcconfig */ = {isa = PBXFileReference; includeInIndex = 1; lastKnownFileType = text.xcconfig; name = "Pods-ajite-ajiteUITests.release.xcconfig"; path = "Target Support Files/Pods-ajite-ajiteUITests/Pods-ajite-ajiteUITests.release.xcconfig"; sourceTree = "<group>"; };
		DE7E8D532502628E00FA14F5 /* GoogleService-Info.plist */ = {isa = PBXFileReference; fileEncoding = 4; lastKnownFileType = text.plist.xml; name = "GoogleService-Info.plist"; path = "../../../../Downloads/GoogleService-Info.plist"; sourceTree = "<group>"; };
		DEA14A2624D422A400B7FA2D /* TabBarMenuViewController.swift */ = {isa = PBXFileReference; lastKnownFileType = sourcecode.swift; path = TabBarMenuViewController.swift; sourceTree = "<group>"; };
		DEA14A3024D58B2A00B7FA2D /* YoutubePlayerViewController.swift */ = {isa = PBXFileReference; lastKnownFileType = sourcecode.swift; path = YoutubePlayerViewController.swift; sourceTree = "<group>"; };
		DEADE04524E234AA00DB5ED2 /* FriendProfileViewController.swift */ = {isa = PBXFileReference; lastKnownFileType = sourcecode.swift; path = FriendProfileViewController.swift; sourceTree = "<group>"; };
		DEADE04924E25E2200DB5ED2 /* MyFriendsTableViewCell.swift */ = {isa = PBXFileReference; lastKnownFileType = sourcecode.swift; path = MyFriendsTableViewCell.swift; sourceTree = "<group>"; };
		DED28A6924D926CB002CFC18 /* SettingTableViewController.swift */ = {isa = PBXFileReference; lastKnownFileType = sourcecode.swift; path = SettingTableViewController.swift; sourceTree = "<group>"; };
		E6EDDE5E10C511E0A73FB873 /* Pods_ajiteTests.framework */ = {isa = PBXFileReference; explicitFileType = wrapper.framework; includeInIndex = 0; path = Pods_ajiteTests.framework; sourceTree = BUILT_PRODUCTS_DIR; };
		F9DD6903A6AA1F52D69B86D0 /* Pods-ajite.release.xcconfig */ = {isa = PBXFileReference; includeInIndex = 1; lastKnownFileType = text.xcconfig; name = "Pods-ajite.release.xcconfig"; path = "Target Support Files/Pods-ajite/Pods-ajite.release.xcconfig"; sourceTree = "<group>"; };
/* End PBXFileReference section */

/* Begin PBXFrameworksBuildPhase section */
		16AE4AE324CC761400807ECB /* Frameworks */ = {
			isa = PBXFrameworksBuildPhase;
			buildActionMask = 2147483647;
			files = (
				4454D92428444DD2E94790B1 /* Pods_ajite.framework in Frameworks */,
			);
			runOnlyForDeploymentPostprocessing = 0;
		};
		16AE4AFC24CC761900807ECB /* Frameworks */ = {
			isa = PBXFrameworksBuildPhase;
			buildActionMask = 2147483647;
			files = (
				88E9E0386C80A66D2581E2A1 /* Pods_ajiteTests.framework in Frameworks */,
			);
			runOnlyForDeploymentPostprocessing = 0;
		};
		16AE4B0724CC761900807ECB /* Frameworks */ = {
			isa = PBXFrameworksBuildPhase;
			buildActionMask = 2147483647;
			files = (
				EDCB4B02D9684AD84FD0A9D2 /* Pods_ajite_ajiteUITests.framework in Frameworks */,
			);
			runOnlyForDeploymentPostprocessing = 0;
		};
/* End PBXFrameworksBuildPhase section */

/* Begin PBXGroup section */
		161C12D624CC97B5002E9246 /* Storyboards */ = {
			isa = PBXGroup;
			children = (
				16AE4AEF24CC761400807ECB /* Main.storyboard */,
				16AE4AF724CC761800807ECB /* LaunchScreen.storyboard */,
			);
			path = Storyboards;
			sourceTree = "<group>";
		};
		164B126624D17AC00069B5EC /* TabBar Item VC */ = {
			isa = PBXGroup;
			children = (
				16B04A4924DF349600824FA2 /* RequestViewController.swift */,
				16A36BB02509B75E005F32DF /* SongInboxViewController.swift */,
				16A36BAE2509B23B005F32DF /* NotificationTableViewController.swift */,
				164B126024D17A640069B5EC /* HomeViewController.swift */,
			);
			path = "TabBar Item VC";
			sourceTree = "<group>";
		};
		1658B1DA24DC3AF70023469B /* Ajite */ = {
			isa = PBXGroup;
			children = (
				163E5C2E25027F1B00A8E6D9 /* UpdatedAjiteViewController.swift */,
				165E15FC24DE89C500CD4F03 /* FriendsToAjiteViewController.swift */,
				16CE647824DB9C97001F9383 /* MemberTableViewController.swift */,
				16C133D124D70B4D00DA4177 /* AjiteRoomViewController.swift */,
				163E5C2C25027C2F00A8E6D9 /* AjiteListViewController.swift */,
				164B125E24D17A5B0069B5EC /* CreateAjiteViewController.swift */,
			);
			path = Ajite;
			sourceTree = "<group>";
		};
		1658B1E324DC7BC80023469B /* tableViewCells */ = {
			isa = PBXGroup;
			children = (
				16502AD325091647004FB8B2 /* InvitationTableViewCell.swift */,
				16ACEC0825087329005E8AE1 /* UpdatedTableViewCell.swift */,
				6EC6260124DD5A5F00B7555B /* UserTableViewCell.swift */,
				6EE115E724DF0ECD00CA4170 /* RequestTableViewCell.swift */,
				1643B52B24E26ED700548D00 /* MembersToAddTableViewCell.swift */,
				16157E8324E0D8DC00C850C7 /* SongCollectionViewCell.swift */,
				1658B1E424DC8A630023469B /* AddToPlaylistTableViewCell.swift */,
				1695F5A924DAB13700B9601E /* AjiteTableViewCell.swift */,
				16F1C0FB24DE55E700DEF4F5 /* ManageFriendsTableViewCell.swift */,
				165E15FE24DE8B7200CD4F03 /* SearchFriendsTableView.swift */,
				1658B1DB24DC3BC90023469B /* MemberInAjiteTableViewCell.swift */,
				1654349E24D9B280001B05C2 /* PlaylistTableViewCell.swift */,
				16E0094A24DE8DCC0000DFAE /* AddedFriendsTableViewCell.swift */,
				167BC0A524DB01030041A510 /* SongTableViewCell.swift */,
				6E38B3F324DB0A2F00208254 /* UserlistTableViewCell.swift */,
				DEADE04924E25E2200DB5ED2 /* MyFriendsTableViewCell.swift */,
			);
			path = tableViewCells;
			sourceTree = "<group>";
		};
		1658B1EA24DC9A440023469B /* Profile */ = {
			isa = PBXGroup;
			children = (
				6EC6260024DD5A5F00B7555B /* UserViewController.swift */,
				DED28A6924D926CB002CFC18 /* SettingTableViewController.swift */,
				1645EB1524D6E1FE007ACBF5 /* SettingsViewController.swift */,
				164B125C24D17A240069B5EC /* ProfileViewController.swift */,
				1658B1E824DC9A270023469B /* BiographyViewController.swift */,
				16F1C0F924DE549B00DEF4F5 /* ManageFriendsViewController.swift */,
				DEADE04524E234AA00DB5ED2 /* FriendProfileViewController.swift */,
			);
			path = Profile;
			sourceTree = "<group>";
		};
		16AE4ADD24CC761400807ECB = {
			isa = PBXGroup;
			children = (
				DE7E8D532502628E00FA14F5 /* GoogleService-Info.plist */,
				16AE4AE824CC761400807ECB /* ajite */,
				16AE4B0224CC761900807ECB /* ajiteTests */,
				16AE4B0D24CC761900807ECB /* ajiteUITests */,
				16AE4AE724CC761400807ECB /* Products */,
				D06289D0E54FD4FB4A9057AD /* Pods */,
				5A54E08F1EB05EB73CC6970A /* Frameworks */,
			);
			sourceTree = "<group>";
		};
		16AE4AE724CC761400807ECB /* Products */ = {
			isa = PBXGroup;
			children = (
				16AE4AE624CC761400807ECB /* ajite.app */,
				16AE4AFF24CC761900807ECB /* ajiteTests.xctest */,
				16AE4B0A24CC761900807ECB /* ajiteUITests.xctest */,
			);
			name = Products;
			sourceTree = "<group>";
		};
		16AE4AE824CC761400807ECB /* ajite */ = {
			isa = PBXGroup;
			children = (
				16AE4AED24CC761400807ECB /* LoginViewControllers.swift */,
				DEA14A2624D422A400B7FA2D /* TabBarMenuViewController.swift */,
				16AE4AE924CC761400807ECB /* AppDelegate.swift */,
				16AE4AEB24CC761400807ECB /* SceneDelegate.swift */,
				1698669424D9569800946C2F /* ClassFiles.swift */,
				1658B1DA24DC3AF70023469B /* Ajite */,
				161C12D624CC97B5002E9246 /* Storyboards */,
				1658B1EA24DC9A440023469B /* Profile */,
				164B126624D17AC00069B5EC /* TabBar Item VC */,
				1658B1E324DC7BC80023469B /* tableViewCells */,
				16C133DE24D84EBE00DA4177 /* Playlist */,
				16C133D524D71BD700DA4177 /* UIResources Swift */,
				1658B1E124DC7ADC0023469B /* Assets.xcassets */,
				16AE4AFA24CC761800807ECB /* Info.plist */,
				16AE4AF224CC761400807ECB /* ajite.xcdatamodeld */,
				DEA14A3024D58B2A00B7FA2D /* YoutubePlayerViewController.swift */,
				1654349224D9936E001B05C2 /* ShareSongsViewController.swift */,
			);
			path = ajite;
			sourceTree = "<group>";
		};
		16AE4B0224CC761900807ECB /* ajiteTests */ = {
			isa = PBXGroup;
			children = (
				16AE4B0324CC761900807ECB /* ajiteTests.swift */,
				16AE4B0524CC761900807ECB /* Info.plist */,
			);
			path = ajiteTests;
			sourceTree = "<group>";
		};
		16AE4B0D24CC761900807ECB /* ajiteUITests */ = {
			isa = PBXGroup;
			children = (
				16AE4B0E24CC761900807ECB /* ajiteUITests.swift */,
				16AE4B1024CC761900807ECB /* Info.plist */,
			);
			path = ajiteUITests;
			sourceTree = "<group>";
		};
		16C133D524D71BD700DA4177 /* UIResources Swift */ = {
			isa = PBXGroup;
			children = (
				1645658324CE889100DDA830 /* made.otf */,
				1698B9AB24DAC9BD005DE79F /* proxima-black.otf */,
				1698B9AA24DAC9BD005DE79F /* proxima-regular.otf */,
				1698B9AC24DAC9BE005DE79F /* proxima-thin.otf */,
				1698B9A824DAC99C005DE79F /* proxima-alt.otf */,
				161C12E424CD9B59002E9246 /* DesignableView.swift */,
				1645EB1324D6B246007ACBF5 /* CircleImageView.swift */,
				1623F4E72501210400FCD17F /* popup.swift */,
			);
			path = "UIResources Swift";
			sourceTree = "<group>";
		};
		16C133DE24D84EBE00DA4177 /* Playlist */ = {
			isa = PBXGroup;
			children = (
				164B126424D17AAB0069B5EC /* PlaylistViewController.swift */,
				16C133E524D852C200DA4177 /* PlaylistSongListViewController.swift */,
				1645EB0D24D688EE007ACBF5 /* AddToPlaylistViewController.swift */,
			);
			path = Playlist;
			sourceTree = "<group>";
		};
		5A54E08F1EB05EB73CC6970A /* Frameworks */ = {
			isa = PBXGroup;
			children = (
				5E9E5440D1400A64D19390EB /* Pods_ajite.framework */,
				0DA573CE83B6561AC2E4F045 /* Pods_ajite_ajiteUITests.framework */,
				E6EDDE5E10C511E0A73FB873 /* Pods_ajiteTests.framework */,
			);
			name = Frameworks;
			sourceTree = "<group>";
		};
		D06289D0E54FD4FB4A9057AD /* Pods */ = {
			isa = PBXGroup;
			children = (
				8F80B9193DA2DD3C969D1B93 /* Pods-ajite.debug.xcconfig */,
				F9DD6903A6AA1F52D69B86D0 /* Pods-ajite.release.xcconfig */,
				6BE73D4CE2190FCACFAF8390 /* Pods-ajite-ajiteUITests.debug.xcconfig */,
				D0E27FF20CDD238C12E8100C /* Pods-ajite-ajiteUITests.release.xcconfig */,
				AF2CD111A96A1C75C2CAF6EB /* Pods-ajiteTests.debug.xcconfig */,
				043B146315D5E8D49DC27CB8 /* Pods-ajiteTests.release.xcconfig */,
			);
			path = Pods;
			sourceTree = "<group>";
		};
/* End PBXGroup section */

/* Begin PBXNativeTarget section */
		16AE4AE524CC761400807ECB /* ajite */ = {
			isa = PBXNativeTarget;
			buildConfigurationList = 16AE4B1324CC761900807ECB /* Build configuration list for PBXNativeTarget "ajite" */;
			buildPhases = (
				F0D00EF2BAF82F37E2615ECE /* [CP] Check Pods Manifest.lock */,
				16AE4AE224CC761400807ECB /* Sources */,
				16AE4AE324CC761400807ECB /* Frameworks */,
				16AE4AE424CC761400807ECB /* Resources */,
				3489D61DFCA6D337F0ABE855 /* [CP] Embed Pods Frameworks */,
				414671E51715FDDB1F3FDB76 /* [CP] Copy Pods Resources */,
			);
			buildRules = (
			);
			dependencies = (
			);
			name = ajite;
			productName = ajite;
			productReference = 16AE4AE624CC761400807ECB /* ajite.app */;
			productType = "com.apple.product-type.application";
		};
		16AE4AFE24CC761900807ECB /* ajiteTests */ = {
			isa = PBXNativeTarget;
			buildConfigurationList = 16AE4B1624CC761900807ECB /* Build configuration list for PBXNativeTarget "ajiteTests" */;
			buildPhases = (
				18DE77E13882CAE9C823B993 /* [CP] Check Pods Manifest.lock */,
				16AE4AFB24CC761900807ECB /* Sources */,
				16AE4AFC24CC761900807ECB /* Frameworks */,
				16AE4AFD24CC761900807ECB /* Resources */,
			);
			buildRules = (
			);
			dependencies = (
				16AE4B0124CC761900807ECB /* PBXTargetDependency */,
			);
			name = ajiteTests;
			productName = ajiteTests;
			productReference = 16AE4AFF24CC761900807ECB /* ajiteTests.xctest */;
			productType = "com.apple.product-type.bundle.unit-test";
		};
		16AE4B0924CC761900807ECB /* ajiteUITests */ = {
			isa = PBXNativeTarget;
			buildConfigurationList = 16AE4B1924CC761900807ECB /* Build configuration list for PBXNativeTarget "ajiteUITests" */;
			buildPhases = (
				7AABDB3D720E9402918C364B /* [CP] Check Pods Manifest.lock */,
				16AE4B0624CC761900807ECB /* Sources */,
				16AE4B0724CC761900807ECB /* Frameworks */,
				16AE4B0824CC761900807ECB /* Resources */,
				040391E0B6C7BBF728DA43E8 /* [CP] Embed Pods Frameworks */,
				71FED22A6E57A4DA9F68F6F3 /* [CP] Copy Pods Resources */,
			);
			buildRules = (
			);
			dependencies = (
				16AE4B0C24CC761900807ECB /* PBXTargetDependency */,
			);
			name = ajiteUITests;
			productName = ajiteUITests;
			productReference = 16AE4B0A24CC761900807ECB /* ajiteUITests.xctest */;
			productType = "com.apple.product-type.bundle.ui-testing";
		};
/* End PBXNativeTarget section */

/* Begin PBXProject section */
		16AE4ADE24CC761400807ECB /* Project object */ = {
			isa = PBXProject;
			attributes = {
				KnownAssetTags = (
					"친구검색",
				);
				LastSwiftUpdateCheck = 1160;
				LastUpgradeCheck = 1160;
				ORGANIZATIONNAME = ajite;
				TargetAttributes = {
					16AE4AE524CC761400807ECB = {
						CreatedOnToolsVersion = 11.6;
					};
					16AE4AFE24CC761900807ECB = {
						CreatedOnToolsVersion = 11.6;
						TestTargetID = 16AE4AE524CC761400807ECB;
					};
					16AE4B0924CC761900807ECB = {
						CreatedOnToolsVersion = 11.6;
						TestTargetID = 16AE4AE524CC761400807ECB;
					};
				};
			};
			buildConfigurationList = 16AE4AE124CC761400807ECB /* Build configuration list for PBXProject "ajite" */;
			compatibilityVersion = "Xcode 9.3";
			developmentRegion = en;
			hasScannedForEncodings = 0;
			knownRegions = (
				en,
				Base,
			);
			mainGroup = 16AE4ADD24CC761400807ECB;
			productRefGroup = 16AE4AE724CC761400807ECB /* Products */;
			projectDirPath = "";
			projectRoot = "";
			targets = (
				16AE4AE524CC761400807ECB /* ajite */,
				16AE4AFE24CC761900807ECB /* ajiteTests */,
				16AE4B0924CC761900807ECB /* ajiteUITests */,
			);
		};
/* End PBXProject section */

/* Begin PBXResourcesBuildPhase section */
		16AE4AE424CC761400807ECB /* Resources */ = {
			isa = PBXResourcesBuildPhase;
			buildActionMask = 2147483647;
			files = (
				1645658424CE889100DDA830 /* made.otf in Resources */,
				16AE4AF924CC761800807ECB /* LaunchScreen.storyboard in Resources */,
				DE7E8D542502628E00FA14F5 /* GoogleService-Info.plist in Resources */,
				1698B9AE24DAC9BE005DE79F /* proxima-black.otf in Resources */,
				1698B9AF24DAC9BE005DE79F /* proxima-thin.otf in Resources */,
				1698B9A924DAC99C005DE79F /* proxima-alt.otf in Resources */,
				16AE4AF124CC761400807ECB /* Main.storyboard in Resources */,
				1658B1E224DC7ADC0023469B /* Assets.xcassets in Resources */,
				1698B9AD24DAC9BE005DE79F /* proxima-regular.otf in Resources */,
			);
			runOnlyForDeploymentPostprocessing = 0;
		};
		16AE4AFD24CC761900807ECB /* Resources */ = {
			isa = PBXResourcesBuildPhase;
			buildActionMask = 2147483647;
			files = (
				DE7E8D552502628E00FA14F5 /* GoogleService-Info.plist in Resources */,
			);
			runOnlyForDeploymentPostprocessing = 0;
		};
		16AE4B0824CC761900807ECB /* Resources */ = {
			isa = PBXResourcesBuildPhase;
			buildActionMask = 2147483647;
			files = (
				DE7E8D562502628E00FA14F5 /* GoogleService-Info.plist in Resources */,
			);
			runOnlyForDeploymentPostprocessing = 0;
		};
/* End PBXResourcesBuildPhase section */

/* Begin PBXShellScriptBuildPhase section */
		040391E0B6C7BBF728DA43E8 /* [CP] Embed Pods Frameworks */ = {
			isa = PBXShellScriptBuildPhase;
			buildActionMask = 2147483647;
			files = (
			);
			inputFileListPaths = (
				"${PODS_ROOT}/Target Support Files/Pods-ajite-ajiteUITests/Pods-ajite-ajiteUITests-frameworks-${CONFIGURATION}-input-files.xcfilelist",
			);
			name = "[CP] Embed Pods Frameworks";
			outputFileListPaths = (
				"${PODS_ROOT}/Target Support Files/Pods-ajite-ajiteUITests/Pods-ajite-ajiteUITests-frameworks-${CONFIGURATION}-output-files.xcfilelist",
			);
			runOnlyForDeploymentPostprocessing = 0;
			shellPath = /bin/sh;
			shellScript = "\"${PODS_ROOT}/Target Support Files/Pods-ajite-ajiteUITests/Pods-ajite-ajiteUITests-frameworks.sh\"\n";
			showEnvVarsInLog = 0;
		};
		18DE77E13882CAE9C823B993 /* [CP] Check Pods Manifest.lock */ = {
			isa = PBXShellScriptBuildPhase;
			buildActionMask = 2147483647;
			files = (
			);
			inputFileListPaths = (
			);
			inputPaths = (
				"${PODS_PODFILE_DIR_PATH}/Podfile.lock",
				"${PODS_ROOT}/Manifest.lock",
			);
			name = "[CP] Check Pods Manifest.lock";
			outputFileListPaths = (
			);
			outputPaths = (
				"$(DERIVED_FILE_DIR)/Pods-ajiteTests-checkManifestLockResult.txt",
			);
			runOnlyForDeploymentPostprocessing = 0;
			shellPath = /bin/sh;
			shellScript = "diff \"${PODS_PODFILE_DIR_PATH}/Podfile.lock\" \"${PODS_ROOT}/Manifest.lock\" > /dev/null\nif [ $? != 0 ] ; then\n    # print error to STDERR\n    echo \"error: The sandbox is not in sync with the Podfile.lock. Run 'pod install' or update your CocoaPods installation.\" >&2\n    exit 1\nfi\n# This output is used by Xcode 'outputs' to avoid re-running this script phase.\necho \"SUCCESS\" > \"${SCRIPT_OUTPUT_FILE_0}\"\n";
			showEnvVarsInLog = 0;
		};
		3489D61DFCA6D337F0ABE855 /* [CP] Embed Pods Frameworks */ = {
			isa = PBXShellScriptBuildPhase;
			buildActionMask = 2147483647;
			files = (
			);
			inputFileListPaths = (
				"${PODS_ROOT}/Target Support Files/Pods-ajite/Pods-ajite-frameworks-${CONFIGURATION}-input-files.xcfilelist",
			);
			name = "[CP] Embed Pods Frameworks";
			outputFileListPaths = (
				"${PODS_ROOT}/Target Support Files/Pods-ajite/Pods-ajite-frameworks-${CONFIGURATION}-output-files.xcfilelist",
			);
			runOnlyForDeploymentPostprocessing = 0;
			shellPath = /bin/sh;
			shellScript = "\"${PODS_ROOT}/Target Support Files/Pods-ajite/Pods-ajite-frameworks.sh\"\n";
			showEnvVarsInLog = 0;
		};
		414671E51715FDDB1F3FDB76 /* [CP] Copy Pods Resources */ = {
			isa = PBXShellScriptBuildPhase;
			buildActionMask = 2147483647;
			files = (
			);
			inputFileListPaths = (
				"${PODS_ROOT}/Target Support Files/Pods-ajite/Pods-ajite-resources-${CONFIGURATION}-input-files.xcfilelist",
			);
			name = "[CP] Copy Pods Resources";
			outputFileListPaths = (
				"${PODS_ROOT}/Target Support Files/Pods-ajite/Pods-ajite-resources-${CONFIGURATION}-output-files.xcfilelist",
			);
			runOnlyForDeploymentPostprocessing = 0;
			shellPath = /bin/sh;
			shellScript = "\"${PODS_ROOT}/Target Support Files/Pods-ajite/Pods-ajite-resources.sh\"\n";
			showEnvVarsInLog = 0;
		};
		71FED22A6E57A4DA9F68F6F3 /* [CP] Copy Pods Resources */ = {
			isa = PBXShellScriptBuildPhase;
			buildActionMask = 2147483647;
			files = (
			);
			inputFileListPaths = (
				"${PODS_ROOT}/Target Support Files/Pods-ajite-ajiteUITests/Pods-ajite-ajiteUITests-resources-${CONFIGURATION}-input-files.xcfilelist",
			);
			name = "[CP] Copy Pods Resources";
			outputFileListPaths = (
				"${PODS_ROOT}/Target Support Files/Pods-ajite-ajiteUITests/Pods-ajite-ajiteUITests-resources-${CONFIGURATION}-output-files.xcfilelist",
			);
			runOnlyForDeploymentPostprocessing = 0;
			shellPath = /bin/sh;
			shellScript = "\"${PODS_ROOT}/Target Support Files/Pods-ajite-ajiteUITests/Pods-ajite-ajiteUITests-resources.sh\"\n";
			showEnvVarsInLog = 0;
		};
		7AABDB3D720E9402918C364B /* [CP] Check Pods Manifest.lock */ = {
			isa = PBXShellScriptBuildPhase;
			buildActionMask = 2147483647;
			files = (
			);
			inputFileListPaths = (
			);
			inputPaths = (
				"${PODS_PODFILE_DIR_PATH}/Podfile.lock",
				"${PODS_ROOT}/Manifest.lock",
			);
			name = "[CP] Check Pods Manifest.lock";
			outputFileListPaths = (
			);
			outputPaths = (
				"$(DERIVED_FILE_DIR)/Pods-ajite-ajiteUITests-checkManifestLockResult.txt",
			);
			runOnlyForDeploymentPostprocessing = 0;
			shellPath = /bin/sh;
			shellScript = "diff \"${PODS_PODFILE_DIR_PATH}/Podfile.lock\" \"${PODS_ROOT}/Manifest.lock\" > /dev/null\nif [ $? != 0 ] ; then\n    # print error to STDERR\n    echo \"error: The sandbox is not in sync with the Podfile.lock. Run 'pod install' or update your CocoaPods installation.\" >&2\n    exit 1\nfi\n# This output is used by Xcode 'outputs' to avoid re-running this script phase.\necho \"SUCCESS\" > \"${SCRIPT_OUTPUT_FILE_0}\"\n";
			showEnvVarsInLog = 0;
		};
		F0D00EF2BAF82F37E2615ECE /* [CP] Check Pods Manifest.lock */ = {
			isa = PBXShellScriptBuildPhase;
			buildActionMask = 2147483647;
			files = (
			);
			inputFileListPaths = (
			);
			inputPaths = (
				"${PODS_PODFILE_DIR_PATH}/Podfile.lock",
				"${PODS_ROOT}/Manifest.lock",
			);
			name = "[CP] Check Pods Manifest.lock";
			outputFileListPaths = (
			);
			outputPaths = (
				"$(DERIVED_FILE_DIR)/Pods-ajite-checkManifestLockResult.txt",
			);
			runOnlyForDeploymentPostprocessing = 0;
			shellPath = /bin/sh;
			shellScript = "diff \"${PODS_PODFILE_DIR_PATH}/Podfile.lock\" \"${PODS_ROOT}/Manifest.lock\" > /dev/null\nif [ $? != 0 ] ; then\n    # print error to STDERR\n    echo \"error: The sandbox is not in sync with the Podfile.lock. Run 'pod install' or update your CocoaPods installation.\" >&2\n    exit 1\nfi\n# This output is used by Xcode 'outputs' to avoid re-running this script phase.\necho \"SUCCESS\" > \"${SCRIPT_OUTPUT_FILE_0}\"\n";
			showEnvVarsInLog = 0;
		};
/* End PBXShellScriptBuildPhase section */

/* Begin PBXSourcesBuildPhase section */
		16AE4AE224CC761400807ECB /* Sources */ = {
			isa = PBXSourcesBuildPhase;
			buildActionMask = 2147483647;
			files = (
				16A36BB12509B75E005F32DF /* SongInboxViewController.swift in Sources */,
				164B125F24D17A5B0069B5EC /* CreateAjiteViewController.swift in Sources */,
				1654349F24D9B280001B05C2 /* PlaylistTableViewCell.swift in Sources */,
				1654349324D9936E001B05C2 /* ShareSongsViewController.swift in Sources */,
				16C133D224D70B4D00DA4177 /* AjiteRoomViewController.swift in Sources */,
				164B125D24D17A240069B5EC /* ProfileViewController.swift in Sources */,
				16AE4AEE24CC761400807ECB /* LoginViewControllers.swift in Sources */,
				1658B1E524DC8A630023469B /* AddToPlaylistTableViewCell.swift in Sources */,
				1698669524D9569800946C2F /* ClassFiles.swift in Sources */,
				16B04A4A24DF349600824FA2 /* RequestViewController.swift in Sources */,
				6EE115E824DF0ECD00CA4170 /* RequestTableViewCell.swift in Sources */,
				164B126124D17A640069B5EC /* HomeViewController.swift in Sources */,
				16AE4AEA24CC761400807ECB /* AppDelegate.swift in Sources */,
				16157E8424E0D8DC00C850C7 /* SongCollectionViewCell.swift in Sources */,
				DEA14A2724D422A400B7FA2D /* TabBarMenuViewController.swift in Sources */,
				1623F4E82501210400FCD17F /* popup.swift in Sources */,
				1645EB1424D6B246007ACBF5 /* CircleImageView.swift in Sources */,
				DED28A6A24D926CB002CFC18 /* SettingTableViewController.swift in Sources */,
				6EC6260224DD5A5F00B7555B /* UserViewController.swift in Sources */,
				1645EB0E24D688EE007ACBF5 /* AddToPlaylistViewController.swift in Sources */,
				1643B52C24E26ED800548D00 /* MembersToAddTableViewCell.swift in Sources */,
				163E5C2F25027F1B00A8E6D9 /* UpdatedAjiteViewController.swift in Sources */,
				167BC0A624DB01030041A510 /* SongTableViewCell.swift in Sources */,
				16CE647924DB9C97001F9383 /* MemberTableViewController.swift in Sources */,
				DEADE04624E234AA00DB5ED2 /* FriendProfileViewController.swift in Sources */,
				1645EB1624D6E1FE007ACBF5 /* SettingsViewController.swift in Sources */,
				16AE4AEC24CC761400807ECB /* SceneDelegate.swift in Sources */,
				16F1C0FA24DE549B00DEF4F5 /* ManageFriendsViewController.swift in Sources */,
				1695F5AA24DAB13700B9601E /* AjiteTableViewCell.swift in Sources */,
				16E0094B24DE8DCC0000DFAE /* AddedFriendsTableViewCell.swift in Sources */,
				164B126524D17AAB0069B5EC /* PlaylistViewController.swift in Sources */,
				6E38B3F424DB0A3000208254 /* UserlistTableViewCell.swift in Sources */,
				16C133E624D852C200DA4177 /* PlaylistSongListViewController.swift in Sources */,
				161C12E524CD9B59002E9246 /* DesignableView.swift in Sources */,
				1658B1E924DC9A270023469B /* BiographyViewController.swift in Sources */,
				16ACEC0925087329005E8AE1 /* UpdatedTableViewCell.swift in Sources */,
				16AE4AF424CC761400807ECB /* ajite.xcdatamodeld in Sources */,
				16A36BAF2509B23B005F32DF /* NotificationTableViewController.swift in Sources */,
				16F1C0FC24DE55E700DEF4F5 /* ManageFriendsTableViewCell.swift in Sources */,
				1658B1DC24DC3BC90023469B /* MemberInAjiteTableViewCell.swift in Sources */,
				DEADE04A24E25E2200DB5ED2 /* MyFriendsTableViewCell.swift in Sources */,
				6EC6260324DD5A5F00B7555B /* UserTableViewCell.swift in Sources */,
				165E15FF24DE8B7200CD4F03 /* SearchFriendsTableView.swift in Sources */,
				16502AD425091647004FB8B2 /* InvitationTableViewCell.swift in Sources */,
				DEA14A3124D58B2A00B7FA2D /* YoutubePlayerViewController.swift in Sources */,
				163E5C2D25027C2F00A8E6D9 /* AjiteListViewController.swift in Sources */,
				165E15FD24DE89C500CD4F03 /* FriendsToAjiteViewController.swift in Sources */,
			);
			runOnlyForDeploymentPostprocessing = 0;
		};
		16AE4AFB24CC761900807ECB /* Sources */ = {
			isa = PBXSourcesBuildPhase;
			buildActionMask = 2147483647;
			files = (
				16AE4B0424CC761900807ECB /* ajiteTests.swift in Sources */,
			);
			runOnlyForDeploymentPostprocessing = 0;
		};
		16AE4B0624CC761900807ECB /* Sources */ = {
			isa = PBXSourcesBuildPhase;
			buildActionMask = 2147483647;
			files = (
				16AE4B0F24CC761900807ECB /* ajiteUITests.swift in Sources */,
			);
			runOnlyForDeploymentPostprocessing = 0;
		};
/* End PBXSourcesBuildPhase section */

/* Begin PBXTargetDependency section */
		16AE4B0124CC761900807ECB /* PBXTargetDependency */ = {
			isa = PBXTargetDependency;
			target = 16AE4AE524CC761400807ECB /* ajite */;
			targetProxy = 16AE4B0024CC761900807ECB /* PBXContainerItemProxy */;
		};
		16AE4B0C24CC761900807ECB /* PBXTargetDependency */ = {
			isa = PBXTargetDependency;
			target = 16AE4AE524CC761400807ECB /* ajite */;
			targetProxy = 16AE4B0B24CC761900807ECB /* PBXContainerItemProxy */;
		};
/* End PBXTargetDependency section */

/* Begin PBXVariantGroup section */
		16AE4AEF24CC761400807ECB /* Main.storyboard */ = {
			isa = PBXVariantGroup;
			children = (
				16AE4AF024CC761400807ECB /* Base */,
			);
			name = Main.storyboard;
			sourceTree = "<group>";
		};
		16AE4AF724CC761800807ECB /* LaunchScreen.storyboard */ = {
			isa = PBXVariantGroup;
			children = (
				16AE4AF824CC761800807ECB /* Base */,
			);
			name = LaunchScreen.storyboard;
			sourceTree = "<group>";
		};
/* End PBXVariantGroup section */

/* Begin XCBuildConfiguration section */
		16AE4B1124CC761900807ECB /* Debug */ = {
			isa = XCBuildConfiguration;
			buildSettings = {
				ALWAYS_SEARCH_USER_PATHS = NO;
				CLANG_ANALYZER_NONNULL = YES;
				CLANG_ANALYZER_NUMBER_OBJECT_CONVERSION = YES_AGGRESSIVE;
				CLANG_CXX_LANGUAGE_STANDARD = "gnu++14";
				CLANG_CXX_LIBRARY = "libc++";
				CLANG_ENABLE_MODULES = YES;
				CLANG_ENABLE_OBJC_ARC = YES;
				CLANG_ENABLE_OBJC_WEAK = YES;
				CLANG_WARN_BLOCK_CAPTURE_AUTORELEASING = YES;
				CLANG_WARN_BOOL_CONVERSION = YES;
				CLANG_WARN_COMMA = YES;
				CLANG_WARN_CONSTANT_CONVERSION = YES;
				CLANG_WARN_DEPRECATED_OBJC_IMPLEMENTATIONS = YES;
				CLANG_WARN_DIRECT_OBJC_ISA_USAGE = YES_ERROR;
				CLANG_WARN_DOCUMENTATION_COMMENTS = YES;
				CLANG_WARN_EMPTY_BODY = YES;
				CLANG_WARN_ENUM_CONVERSION = YES;
				CLANG_WARN_INFINITE_RECURSION = YES;
				CLANG_WARN_INT_CONVERSION = YES;
				CLANG_WARN_NON_LITERAL_NULL_CONVERSION = YES;
				CLANG_WARN_OBJC_IMPLICIT_RETAIN_SELF = YES;
				CLANG_WARN_OBJC_LITERAL_CONVERSION = YES;
				CLANG_WARN_OBJC_ROOT_CLASS = YES_ERROR;
				CLANG_WARN_RANGE_LOOP_ANALYSIS = YES;
				CLANG_WARN_STRICT_PROTOTYPES = YES;
				CLANG_WARN_SUSPICIOUS_MOVE = YES;
				CLANG_WARN_UNGUARDED_AVAILABILITY = YES_AGGRESSIVE;
				CLANG_WARN_UNREACHABLE_CODE = YES;
				CLANG_WARN__DUPLICATE_METHOD_MATCH = YES;
				COPY_PHASE_STRIP = NO;
				DEBUG_INFORMATION_FORMAT = dwarf;
				ENABLE_STRICT_OBJC_MSGSEND = YES;
				ENABLE_TESTABILITY = YES;
				GCC_C_LANGUAGE_STANDARD = gnu11;
				GCC_DYNAMIC_NO_PIC = NO;
				GCC_NO_COMMON_BLOCKS = YES;
				GCC_OPTIMIZATION_LEVEL = 0;
				GCC_PREPROCESSOR_DEFINITIONS = (
					"DEBUG=1",
					"$(inherited)",
				);
				GCC_WARN_64_TO_32_BIT_CONVERSION = YES;
				GCC_WARN_ABOUT_RETURN_TYPE = YES_ERROR;
				GCC_WARN_UNDECLARED_SELECTOR = YES;
				GCC_WARN_UNINITIALIZED_AUTOS = YES_AGGRESSIVE;
				GCC_WARN_UNUSED_FUNCTION = YES;
				GCC_WARN_UNUSED_VARIABLE = YES;
				IPHONEOS_DEPLOYMENT_TARGET = 13.6;
				MTL_ENABLE_DEBUG_INFO = INCLUDE_SOURCE;
				MTL_FAST_MATH = YES;
				ONLY_ACTIVE_ARCH = YES;
				OTHER_LDFLAGS = "";
				SDKROOT = iphoneos;
				SWIFT_ACTIVE_COMPILATION_CONDITIONS = DEBUG;
				SWIFT_OPTIMIZATION_LEVEL = "-Onone";
			};
			name = Debug;
		};
		16AE4B1224CC761900807ECB /* Release */ = {
			isa = XCBuildConfiguration;
			buildSettings = {
				ALWAYS_SEARCH_USER_PATHS = NO;
				CLANG_ANALYZER_NONNULL = YES;
				CLANG_ANALYZER_NUMBER_OBJECT_CONVERSION = YES_AGGRESSIVE;
				CLANG_CXX_LANGUAGE_STANDARD = "gnu++14";
				CLANG_CXX_LIBRARY = "libc++";
				CLANG_ENABLE_MODULES = YES;
				CLANG_ENABLE_OBJC_ARC = YES;
				CLANG_ENABLE_OBJC_WEAK = YES;
				CLANG_WARN_BLOCK_CAPTURE_AUTORELEASING = YES;
				CLANG_WARN_BOOL_CONVERSION = YES;
				CLANG_WARN_COMMA = YES;
				CLANG_WARN_CONSTANT_CONVERSION = YES;
				CLANG_WARN_DEPRECATED_OBJC_IMPLEMENTATIONS = YES;
				CLANG_WARN_DIRECT_OBJC_ISA_USAGE = YES_ERROR;
				CLANG_WARN_DOCUMENTATION_COMMENTS = YES;
				CLANG_WARN_EMPTY_BODY = YES;
				CLANG_WARN_ENUM_CONVERSION = YES;
				CLANG_WARN_INFINITE_RECURSION = YES;
				CLANG_WARN_INT_CONVERSION = YES;
				CLANG_WARN_NON_LITERAL_NULL_CONVERSION = YES;
				CLANG_WARN_OBJC_IMPLICIT_RETAIN_SELF = YES;
				CLANG_WARN_OBJC_LITERAL_CONVERSION = YES;
				CLANG_WARN_OBJC_ROOT_CLASS = YES_ERROR;
				CLANG_WARN_RANGE_LOOP_ANALYSIS = YES;
				CLANG_WARN_STRICT_PROTOTYPES = YES;
				CLANG_WARN_SUSPICIOUS_MOVE = YES;
				CLANG_WARN_UNGUARDED_AVAILABILITY = YES_AGGRESSIVE;
				CLANG_WARN_UNREACHABLE_CODE = YES;
				CLANG_WARN__DUPLICATE_METHOD_MATCH = YES;
				COPY_PHASE_STRIP = NO;
				DEBUG_INFORMATION_FORMAT = "dwarf-with-dsym";
				ENABLE_NS_ASSERTIONS = NO;
				ENABLE_STRICT_OBJC_MSGSEND = YES;
				GCC_C_LANGUAGE_STANDARD = gnu11;
				GCC_NO_COMMON_BLOCKS = YES;
				GCC_WARN_64_TO_32_BIT_CONVERSION = YES;
				GCC_WARN_ABOUT_RETURN_TYPE = YES_ERROR;
				GCC_WARN_UNDECLARED_SELECTOR = YES;
				GCC_WARN_UNINITIALIZED_AUTOS = YES_AGGRESSIVE;
				GCC_WARN_UNUSED_FUNCTION = YES;
				GCC_WARN_UNUSED_VARIABLE = YES;
				IPHONEOS_DEPLOYMENT_TARGET = 13.6;
				MTL_ENABLE_DEBUG_INFO = NO;
				MTL_FAST_MATH = YES;
				OTHER_LDFLAGS = "";
				SDKROOT = iphoneos;
				SWIFT_COMPILATION_MODE = wholemodule;
				SWIFT_OPTIMIZATION_LEVEL = "-O";
				VALIDATE_PRODUCT = YES;
			};
			name = Release;
		};
		16AE4B1424CC761900807ECB /* Debug */ = {
			isa = XCBuildConfiguration;
			baseConfigurationReference = 8F80B9193DA2DD3C969D1B93 /* Pods-ajite.debug.xcconfig */;
			buildSettings = {
				ASSETCATALOG_COMPILER_APPICON_NAME = AppIcon;
				CODE_SIGN_STYLE = Automatic;
				DEVELOPMENT_TEAM = TPTTW8HP27;
				INFOPLIST_FILE = ajite/Info.plist;
				IPHONEOS_DEPLOYMENT_TARGET = 13.0;
				LD_RUNPATH_SEARCH_PATHS = (
					"$(inherited)",
					"@executable_path/Frameworks",
				);
				PRODUCT_BUNDLE_IDENTIFIER = com.teamajite.ajite;
				PRODUCT_NAME = "$(TARGET_NAME)";
				SWIFT_VERSION = 5.0;
				TARGETED_DEVICE_FAMILY = "1,2";
			};
			name = Debug;
		};
		16AE4B1524CC761900807ECB /* Release */ = {
			isa = XCBuildConfiguration;
			baseConfigurationReference = F9DD6903A6AA1F52D69B86D0 /* Pods-ajite.release.xcconfig */;
			buildSettings = {
				ASSETCATALOG_COMPILER_APPICON_NAME = AppIcon;
				CODE_SIGN_STYLE = Automatic;
				DEVELOPMENT_TEAM = 3YDN37787C;
				INFOPLIST_FILE = ajite/Info.plist;
				IPHONEOS_DEPLOYMENT_TARGET = 13.0;
				LD_RUNPATH_SEARCH_PATHS = (
					"$(inherited)",
					"@executable_path/Frameworks",
				);
				PRODUCT_BUNDLE_IDENTIFIER = com.teamajite.ajite;
				PRODUCT_NAME = "$(TARGET_NAME)";
				SWIFT_VERSION = 5.0;
				TARGETED_DEVICE_FAMILY = "1,2";
			};
			name = Release;
		};
		16AE4B1724CC761900807ECB /* Debug */ = {
			isa = XCBuildConfiguration;
			baseConfigurationReference = AF2CD111A96A1C75C2CAF6EB /* Pods-ajiteTests.debug.xcconfig */;
			buildSettings = {
				ALWAYS_EMBED_SWIFT_STANDARD_LIBRARIES = YES;
				BUNDLE_LOADER = "$(TEST_HOST)";
				CODE_SIGN_STYLE = Automatic;
				INFOPLIST_FILE = ajiteTests/Info.plist;
				IPHONEOS_DEPLOYMENT_TARGET = 13.5;
				LD_RUNPATH_SEARCH_PATHS = (
					"$(inherited)",
					"@executable_path/Frameworks",
					"@loader_path/Frameworks",
				);
				PRODUCT_BUNDLE_IDENTIFIER = com.teamajite.ajiteTests;
				PRODUCT_NAME = "$(TARGET_NAME)";
				SWIFT_VERSION = 5.0;
				TARGETED_DEVICE_FAMILY = "1,2";
				TEST_HOST = "$(BUILT_PRODUCTS_DIR)/ajite.app/ajite";
			};
			name = Debug;
		};
		16AE4B1824CC761900807ECB /* Release */ = {
			isa = XCBuildConfiguration;
			baseConfigurationReference = 043B146315D5E8D49DC27CB8 /* Pods-ajiteTests.release.xcconfig */;
			buildSettings = {
				ALWAYS_EMBED_SWIFT_STANDARD_LIBRARIES = YES;
				BUNDLE_LOADER = "$(TEST_HOST)";
				CODE_SIGN_STYLE = Automatic;
				INFOPLIST_FILE = ajiteTests/Info.plist;
				IPHONEOS_DEPLOYMENT_TARGET = 13.5;
				LD_RUNPATH_SEARCH_PATHS = (
					"$(inherited)",
					"@executable_path/Frameworks",
					"@loader_path/Frameworks",
				);
				PRODUCT_BUNDLE_IDENTIFIER = com.teamajite.ajiteTests;
				PRODUCT_NAME = "$(TARGET_NAME)";
				SWIFT_VERSION = 5.0;
				TARGETED_DEVICE_FAMILY = "1,2";
				TEST_HOST = "$(BUILT_PRODUCTS_DIR)/ajite.app/ajite";
			};
			name = Release;
		};
		16AE4B1A24CC761900807ECB /* Debug */ = {
			isa = XCBuildConfiguration;
			baseConfigurationReference = 6BE73D4CE2190FCACFAF8390 /* Pods-ajite-ajiteUITests.debug.xcconfig */;
			buildSettings = {
				ALWAYS_EMBED_SWIFT_STANDARD_LIBRARIES = YES;
				CODE_SIGN_STYLE = Automatic;
				INFOPLIST_FILE = ajiteUITests/Info.plist;
				IPHONEOS_DEPLOYMENT_TARGET = 13.5;
				LD_RUNPATH_SEARCH_PATHS = (
					"$(inherited)",
					"@executable_path/Frameworks",
					"@loader_path/Frameworks",
				);
				PRODUCT_BUNDLE_IDENTIFIER = com.teamajite.ajiteUITests;
				PRODUCT_NAME = "$(TARGET_NAME)";
				SWIFT_VERSION = 5.0;
				TARGETED_DEVICE_FAMILY = "1,2";
				TEST_TARGET_NAME = ajite;
			};
			name = Debug;
		};
		16AE4B1B24CC761900807ECB /* Release */ = {
			isa = XCBuildConfiguration;
			baseConfigurationReference = D0E27FF20CDD238C12E8100C /* Pods-ajite-ajiteUITests.release.xcconfig */;
			buildSettings = {
				ALWAYS_EMBED_SWIFT_STANDARD_LIBRARIES = YES;
				CODE_SIGN_STYLE = Automatic;
				INFOPLIST_FILE = ajiteUITests/Info.plist;
				IPHONEOS_DEPLOYMENT_TARGET = 13.5;
				LD_RUNPATH_SEARCH_PATHS = (
					"$(inherited)",
					"@executable_path/Frameworks",
					"@loader_path/Frameworks",
				);
				PRODUCT_BUNDLE_IDENTIFIER = com.teamajite.ajiteUITests;
				PRODUCT_NAME = "$(TARGET_NAME)";
				SWIFT_VERSION = 5.0;
				TARGETED_DEVICE_FAMILY = "1,2";
				TEST_TARGET_NAME = ajite;
			};
			name = Release;
		};
/* End XCBuildConfiguration section */

/* Begin XCConfigurationList section */
		16AE4AE124CC761400807ECB /* Build configuration list for PBXProject "ajite" */ = {
			isa = XCConfigurationList;
			buildConfigurations = (
				16AE4B1124CC761900807ECB /* Debug */,
				16AE4B1224CC761900807ECB /* Release */,
			);
			defaultConfigurationIsVisible = 0;
			defaultConfigurationName = Release;
		};
		16AE4B1324CC761900807ECB /* Build configuration list for PBXNativeTarget "ajite" */ = {
			isa = XCConfigurationList;
			buildConfigurations = (
				16AE4B1424CC761900807ECB /* Debug */,
				16AE4B1524CC761900807ECB /* Release */,
			);
			defaultConfigurationIsVisible = 0;
			defaultConfigurationName = Release;
		};
		16AE4B1624CC761900807ECB /* Build configuration list for PBXNativeTarget "ajiteTests" */ = {
			isa = XCConfigurationList;
			buildConfigurations = (
				16AE4B1724CC761900807ECB /* Debug */,
				16AE4B1824CC761900807ECB /* Release */,
			);
			defaultConfigurationIsVisible = 0;
			defaultConfigurationName = Release;
		};
		16AE4B1924CC761900807ECB /* Build configuration list for PBXNativeTarget "ajiteUITests" */ = {
			isa = XCConfigurationList;
			buildConfigurations = (
				16AE4B1A24CC761900807ECB /* Debug */,
				16AE4B1B24CC761900807ECB /* Release */,
			);
			defaultConfigurationIsVisible = 0;
			defaultConfigurationName = Release;
		};
/* End XCConfigurationList section */

/* Begin XCVersionGroup section */
		16AE4AF224CC761400807ECB /* ajite.xcdatamodeld */ = {
			isa = XCVersionGroup;
			children = (
				16AE4AF324CC761400807ECB /* ajite.xcdatamodel */,
			);
			currentVersion = 16AE4AF324CC761400807ECB /* ajite.xcdatamodel */;
			path = ajite.xcdatamodeld;
			sourceTree = "<group>";
			versionGroupType = wrapper.xcdatamodel;
		};
/* End XCVersionGroup section */
	};
	rootObject = 16AE4ADE24CC761400807ECB /* Project object */;
}
