// !$*UTF8*$!
{
	archiveVersion = 1;
	classes = {
	};
	objectVersion = 51;
	objects = {

/* Begin PBXBuildFile section */
		087AB64D522F92638EFD6401 /* libPods-ajiteTests.a in Frameworks */ = {isa = PBXBuildFile; fileRef = 1F366D6D791255A79E968006 /* libPods-ajiteTests.a */; };
		161C12E524CD9B59002E9246 /* DesignableView.swift in Sources */ = {isa = PBXBuildFile; fileRef = 161C12E424CD9B59002E9246 /* DesignableView.swift */; };
		1645658424CE889100DDA830 /* made.otf in Resources */ = {isa = PBXBuildFile; fileRef = 1645658324CE889100DDA830 /* made.otf */; };
		1645EB0E24D688EE007ACBF5 /* InsidePlaylistViewController.swift in Sources */ = {isa = PBXBuildFile; fileRef = 1645EB0D24D688EE007ACBF5 /* InsidePlaylistViewController.swift */; };
		1645EB1424D6B246007ACBF5 /* CircleImageView.swift in Sources */ = {isa = PBXBuildFile; fileRef = 1645EB1324D6B246007ACBF5 /* CircleImageView.swift */; };
		1645EB1624D6E1FE007ACBF5 /* SettingsViewController.swift in Sources */ = {isa = PBXBuildFile; fileRef = 1645EB1524D6E1FE007ACBF5 /* SettingsViewController.swift */; };
		164B125D24D17A240069B5EC /* ProfileViewController.swift in Sources */ = {isa = PBXBuildFile; fileRef = 164B125C24D17A240069B5EC /* ProfileViewController.swift */; };
		164B125F24D17A5B0069B5EC /* CreateAjiteViewController.swift in Sources */ = {isa = PBXBuildFile; fileRef = 164B125E24D17A5B0069B5EC /* CreateAjiteViewController.swift */; };
		164B126124D17A640069B5EC /* HomeViewController.swift in Sources */ = {isa = PBXBuildFile; fileRef = 164B126024D17A640069B5EC /* HomeViewController.swift */; };
		164B126324D17A6F0069B5EC /* AjiteViewController.swift in Sources */ = {isa = PBXBuildFile; fileRef = 164B126224D17A6F0069B5EC /* AjiteViewController.swift */; };
		164B126524D17AAB0069B5EC /* PlaylistViewController.swift in Sources */ = {isa = PBXBuildFile; fileRef = 164B126424D17AAB0069B5EC /* PlaylistViewController.swift */; };
		16AE4AEA24CC761400807ECB /* AppDelegate.swift in Sources */ = {isa = PBXBuildFile; fileRef = 16AE4AE924CC761400807ECB /* AppDelegate.swift */; };
		16AE4AEC24CC761400807ECB /* SceneDelegate.swift in Sources */ = {isa = PBXBuildFile; fileRef = 16AE4AEB24CC761400807ECB /* SceneDelegate.swift */; };
		16AE4AEE24CC761400807ECB /* LoginViewControllers.swift in Sources */ = {isa = PBXBuildFile; fileRef = 16AE4AED24CC761400807ECB /* LoginViewControllers.swift */; };
		16AE4AF124CC761400807ECB /* Main.storyboard in Resources */ = {isa = PBXBuildFile; fileRef = 16AE4AEF24CC761400807ECB /* Main.storyboard */; };
		16AE4AF424CC761400807ECB /* ajite.xcdatamodeld in Sources */ = {isa = PBXBuildFile; fileRef = 16AE4AF224CC761400807ECB /* ajite.xcdatamodeld */; };
		16AE4AF624CC761800807ECB /* Assets.xcassets in Resources */ = {isa = PBXBuildFile; fileRef = 16AE4AF524CC761800807ECB /* Assets.xcassets */; };
		16AE4AF924CC761800807ECB /* LaunchScreen.storyboard in Resources */ = {isa = PBXBuildFile; fileRef = 16AE4AF724CC761800807ECB /* LaunchScreen.storyboard */; };
		16AE4B0424CC761900807ECB /* ajiteTests.swift in Sources */ = {isa = PBXBuildFile; fileRef = 16AE4B0324CC761900807ECB /* ajiteTests.swift */; };
		16AE4B0F24CC761900807ECB /* ajiteUITests.swift in Sources */ = {isa = PBXBuildFile; fileRef = 16AE4B0E24CC761900807ECB /* ajiteUITests.swift */; };
		16C133D224D70B4D00DA4177 /* AjiteRoomViewController.swift in Sources */ = {isa = PBXBuildFile; fileRef = 16C133D124D70B4D00DA4177 /* AjiteRoomViewController.swift */; };
		16C133E224D851EF00DA4177 /* NewPlaylistViewController.swift in Sources */ = {isa = PBXBuildFile; fileRef = 16C133E124D851EF00DA4177 /* NewPlaylistViewController.swift */; };
		16C133E624D852C200DA4177 /* PlaylistSongListViewController.swift in Sources */ = {isa = PBXBuildFile; fileRef = 16C133E524D852C200DA4177 /* PlaylistSongListViewController.swift */; };
		1AB5901F26C33358E802B4B2 /* libPods-ajite.a in Frameworks */ = {isa = PBXBuildFile; fileRef = 223357BD1FB96AE136E86622 /* libPods-ajite.a */; };
		DC7EE5AE65E925948C9E0412 /* libPods-ajite-ajiteUITests.a in Frameworks */ = {isa = PBXBuildFile; fileRef = 6F0B7B1C9976D2637B3A8C68 /* libPods-ajite-ajiteUITests.a */; };
		DEA14A2324D3CD7100B7FA2D /* GoogleService-Info.plist in Resources */ = {isa = PBXBuildFile; fileRef = DEA14A2224D3CD7100B7FA2D /* GoogleService-Info.plist */; };
		DEA14A2424D3CD7100B7FA2D /* GoogleService-Info.plist in Resources */ = {isa = PBXBuildFile; fileRef = DEA14A2224D3CD7100B7FA2D /* GoogleService-Info.plist */; };
		DEA14A2524D3CD7100B7FA2D /* GoogleService-Info.plist in Resources */ = {isa = PBXBuildFile; fileRef = DEA14A2224D3CD7100B7FA2D /* GoogleService-Info.plist */; };
		DEA14A2724D422A400B7FA2D /* TabBarMenuViewController.swift in Sources */ = {isa = PBXBuildFile; fileRef = DEA14A2624D422A400B7FA2D /* TabBarMenuViewController.swift */; };
		DEA14A3124D58B2A00B7FA2D /* YoutubePlayerViewController.swift in Sources */ = {isa = PBXBuildFile; fileRef = DEA14A3024D58B2A00B7FA2D /* YoutubePlayerViewController.swift */; };
/* End PBXBuildFile section */

/* Begin PBXContainerItemProxy section */
		16AE4B0024CC761900807ECB /* PBXContainerItemProxy */ = {
			isa = PBXContainerItemProxy;
			containerPortal = 16AE4ADE24CC761400807ECB /* Project object */;
			proxyType = 1;
			remoteGlobalIDString = 16AE4AE524CC761400807ECB;
			remoteInfo = ajite;
		};
		16AE4B0B24CC761900807ECB /* PBXContainerItemProxy */ = {
			isa = PBXContainerItemProxy;
			containerPortal = 16AE4ADE24CC761400807ECB /* Project object */;
			proxyType = 1;
			remoteGlobalIDString = 16AE4AE524CC761400807ECB;
			remoteInfo = ajite;
		};
/* End PBXContainerItemProxy section */

/* Begin PBXFileReference section */
		08125D956A5BDEFF9E72F287 /* Pods-ajite-ajiteUITests.release.xcconfig */ = {isa = PBXFileReference; includeInIndex = 1; lastKnownFileType = text.xcconfig; name = "Pods-ajite-ajiteUITests.release.xcconfig"; path = "Target Support Files/Pods-ajite-ajiteUITests/Pods-ajite-ajiteUITests.release.xcconfig"; sourceTree = "<group>"; };
		08CE5227FC726640CFE6A21B /* Pods-ajite.release.xcconfig */ = {isa = PBXFileReference; includeInIndex = 1; lastKnownFileType = text.xcconfig; name = "Pods-ajite.release.xcconfig"; path = "Target Support Files/Pods-ajite/Pods-ajite.release.xcconfig"; sourceTree = "<group>"; };
		0AD2B31ACFE4FB732CF68248 /* Pods-ajite-ajiteUITests.debug.xcconfig */ = {isa = PBXFileReference; includeInIndex = 1; lastKnownFileType = text.xcconfig; name = "Pods-ajite-ajiteUITests.debug.xcconfig"; path = "Target Support Files/Pods-ajite-ajiteUITests/Pods-ajite-ajiteUITests.debug.xcconfig"; sourceTree = "<group>"; };
		161C12E424CD9B59002E9246 /* DesignableView.swift */ = {isa = PBXFileReference; lastKnownFileType = sourcecode.swift; path = DesignableView.swift; sourceTree = "<group>"; };
		1645658324CE889100DDA830 /* made.otf */ = {isa = PBXFileReference; lastKnownFileType = file; name = made.otf; path = ajite/made.otf; sourceTree = SOURCE_ROOT; };
		1645EB0D24D688EE007ACBF5 /* InsidePlaylistViewController.swift */ = {isa = PBXFileReference; lastKnownFileType = sourcecode.swift; path = InsidePlaylistViewController.swift; sourceTree = "<group>"; };
		1645EB1324D6B246007ACBF5 /* CircleImageView.swift */ = {isa = PBXFileReference; lastKnownFileType = sourcecode.swift; path = CircleImageView.swift; sourceTree = "<group>"; };
		1645EB1524D6E1FE007ACBF5 /* SettingsViewController.swift */ = {isa = PBXFileReference; lastKnownFileType = sourcecode.swift; path = SettingsViewController.swift; sourceTree = "<group>"; };
		164B125C24D17A240069B5EC /* ProfileViewController.swift */ = {isa = PBXFileReference; lastKnownFileType = sourcecode.swift; name = ProfileViewController.swift; path = "ajite/TabBar Item VC/ProfileViewController.swift"; sourceTree = SOURCE_ROOT; };
		164B125E24D17A5B0069B5EC /* CreateAjiteViewController.swift */ = {isa = PBXFileReference; lastKnownFileType = sourcecode.swift; path = CreateAjiteViewController.swift; sourceTree = "<group>"; };
		164B126024D17A640069B5EC /* HomeViewController.swift */ = {isa = PBXFileReference; lastKnownFileType = sourcecode.swift; path = HomeViewController.swift; sourceTree = "<group>"; };
		164B126224D17A6F0069B5EC /* AjiteViewController.swift */ = {isa = PBXFileReference; lastKnownFileType = sourcecode.swift; path = AjiteViewController.swift; sourceTree = "<group>"; };
		164B126424D17AAB0069B5EC /* PlaylistViewController.swift */ = {isa = PBXFileReference; lastKnownFileType = sourcecode.swift; path = PlaylistViewController.swift; sourceTree = "<group>"; };
		16AE4AE624CC761400807ECB /* ajite.app */ = {isa = PBXFileReference; explicitFileType = wrapper.application; includeInIndex = 0; path = ajite.app; sourceTree = BUILT_PRODUCTS_DIR; };
		16AE4AE924CC761400807ECB /* AppDelegate.swift */ = {isa = PBXFileReference; lastKnownFileType = sourcecode.swift; path = AppDelegate.swift; sourceTree = "<group>"; };
		16AE4AEB24CC761400807ECB /* SceneDelegate.swift */ = {isa = PBXFileReference; lastKnownFileType = sourcecode.swift; path = SceneDelegate.swift; sourceTree = "<group>"; };
		16AE4AED24CC761400807ECB /* LoginViewControllers.swift */ = {isa = PBXFileReference; lastKnownFileType = sourcecode.swift; path = LoginViewControllers.swift; sourceTree = "<group>"; };
		16AE4AF024CC761400807ECB /* Base */ = {isa = PBXFileReference; lastKnownFileType = file.storyboard; name = Base; path = Base.lproj/Main.storyboard; sourceTree = "<group>"; };
		16AE4AF324CC761400807ECB /* ajite.xcdatamodel */ = {isa = PBXFileReference; lastKnownFileType = wrapper.xcdatamodel; path = ajite.xcdatamodel; sourceTree = "<group>"; };
		16AE4AF524CC761800807ECB /* Assets.xcassets */ = {isa = PBXFileReference; lastKnownFileType = folder.assetcatalog; path = Assets.xcassets; sourceTree = "<group>"; };
		16AE4AF824CC761800807ECB /* Base */ = {isa = PBXFileReference; lastKnownFileType = file.storyboard; name = Base; path = Base.lproj/LaunchScreen.storyboard; sourceTree = "<group>"; };
		16AE4AFA24CC761800807ECB /* Info.plist */ = {isa = PBXFileReference; lastKnownFileType = text.plist.xml; path = Info.plist; sourceTree = "<group>"; };
		16AE4AFF24CC761900807ECB /* ajiteTests.xctest */ = {isa = PBXFileReference; explicitFileType = wrapper.cfbundle; includeInIndex = 0; path = ajiteTests.xctest; sourceTree = BUILT_PRODUCTS_DIR; };
		16AE4B0324CC761900807ECB /* ajiteTests.swift */ = {isa = PBXFileReference; lastKnownFileType = sourcecode.swift; path = ajiteTests.swift; sourceTree = "<group>"; };
		16AE4B0524CC761900807ECB /* Info.plist */ = {isa = PBXFileReference; lastKnownFileType = text.plist.xml; path = Info.plist; sourceTree = "<group>"; };
		16AE4B0A24CC761900807ECB /* ajiteUITests.xctest */ = {isa = PBXFileReference; explicitFileType = wrapper.cfbundle; includeInIndex = 0; path = ajiteUITests.xctest; sourceTree = BUILT_PRODUCTS_DIR; };
		16AE4B0E24CC761900807ECB /* ajiteUITests.swift */ = {isa = PBXFileReference; lastKnownFileType = sourcecode.swift; path = ajiteUITests.swift; sourceTree = "<group>"; };
		16AE4B1024CC761900807ECB /* Info.plist */ = {isa = PBXFileReference; lastKnownFileType = text.plist.xml; path = Info.plist; sourceTree = "<group>"; };
		16C133D124D70B4D00DA4177 /* AjiteRoomViewController.swift */ = {isa = PBXFileReference; lastKnownFileType = sourcecode.swift; path = AjiteRoomViewController.swift; sourceTree = "<group>"; };
		16C133E124D851EF00DA4177 /* NewPlaylistViewController.swift */ = {isa = PBXFileReference; lastKnownFileType = sourcecode.swift; name = NewPlaylistViewController.swift; path = ajite/Playlist/NewPlaylistViewController.swift; sourceTree = SOURCE_ROOT; };
		16C133E524D852C200DA4177 /* PlaylistSongListViewController.swift */ = {isa = PBXFileReference; lastKnownFileType = sourcecode.swift; name = PlaylistSongListViewController.swift; path = ajite/Playlist/PlaylistSongListViewController.swift; sourceTree = SOURCE_ROOT; };
		1F366D6D791255A79E968006 /* libPods-ajiteTests.a */ = {isa = PBXFileReference; explicitFileType = archive.ar; includeInIndex = 0; path = "libPods-ajiteTests.a"; sourceTree = BUILT_PRODUCTS_DIR; };
		223357BD1FB96AE136E86622 /* libPods-ajite.a */ = {isa = PBXFileReference; explicitFileType = archive.ar; includeInIndex = 0; path = "libPods-ajite.a"; sourceTree = BUILT_PRODUCTS_DIR; };
		2FBFF8655778FA2B7DA06F6D /* Pods-ajite.debug.xcconfig */ = {isa = PBXFileReference; includeInIndex = 1; lastKnownFileType = text.xcconfig; name = "Pods-ajite.debug.xcconfig"; path = "Target Support Files/Pods-ajite/Pods-ajite.debug.xcconfig"; sourceTree = "<group>"; };
		6F0B7B1C9976D2637B3A8C68 /* libPods-ajite-ajiteUITests.a */ = {isa = PBXFileReference; explicitFileType = archive.ar; includeInIndex = 0; path = "libPods-ajite-ajiteUITests.a"; sourceTree = BUILT_PRODUCTS_DIR; };
		80CFA86BB9B0F3D43A70F2FC /* Pods-ajiteTests.debug.xcconfig */ = {isa = PBXFileReference; includeInIndex = 1; lastKnownFileType = text.xcconfig; name = "Pods-ajiteTests.debug.xcconfig"; path = "Target Support Files/Pods-ajiteTests/Pods-ajiteTests.debug.xcconfig"; sourceTree = "<group>"; };
		D452F51C3DD4EA8BB6468220 /* Pods-ajiteTests.release.xcconfig */ = {isa = PBXFileReference; includeInIndex = 1; lastKnownFileType = text.xcconfig; name = "Pods-ajiteTests.release.xcconfig"; path = "Target Support Files/Pods-ajiteTests/Pods-ajiteTests.release.xcconfig"; sourceTree = "<group>"; };
		DEA14A2224D3CD7100B7FA2D /* GoogleService-Info.plist */ = {isa = PBXFileReference; fileEncoding = 4; lastKnownFileType = text.plist.xml; name = "GoogleService-Info.plist"; path = "../../../../../Downloads/GoogleService-Info.plist"; sourceTree = "<group>"; };
		DEA14A2624D422A400B7FA2D /* TabBarMenuViewController.swift */ = {isa = PBXFileReference; lastKnownFileType = sourcecode.swift; path = TabBarMenuViewController.swift; sourceTree = "<group>"; };
		DEA14A3024D58B2A00B7FA2D /* YoutubePlayerViewController.swift */ = {isa = PBXFileReference; lastKnownFileType = sourcecode.swift; path = YoutubePlayerViewController.swift; sourceTree = "<group>"; };
/* End PBXFileReference section */

/* Begin PBXFrameworksBuildPhase section */
		16AE4AE324CC761400807ECB /* Frameworks */ = {
			isa = PBXFrameworksBuildPhase;
			buildActionMask = 2147483647;
			files = (
				1AB5901F26C33358E802B4B2 /* libPods-ajite.a in Frameworks */,
			);
			runOnlyForDeploymentPostprocessing = 0;
		};
		16AE4AFC24CC761900807ECB /* Frameworks */ = {
			isa = PBXFrameworksBuildPhase;
			buildActionMask = 2147483647;
			files = (
				087AB64D522F92638EFD6401 /* libPods-ajiteTests.a in Frameworks */,
			);
			runOnlyForDeploymentPostprocessing = 0;
		};
		16AE4B0724CC761900807ECB /* Frameworks */ = {
			isa = PBXFrameworksBuildPhase;
			buildActionMask = 2147483647;
			files = (
				DC7EE5AE65E925948C9E0412 /* libPods-ajite-ajiteUITests.a in Frameworks */,
			);
			runOnlyForDeploymentPostprocessing = 0;
		};
/* End PBXFrameworksBuildPhase section */

/* Begin PBXGroup section */
		161C12D624CC97B5002E9246 /* Storyboards */ = {
			isa = PBXGroup;
			children = (
				16AE4AEF24CC761400807ECB /* Main.storyboard */,
				16AE4AF724CC761800807ECB /* LaunchScreen.storyboard */,
			);
			path = Storyboards;
			sourceTree = "<group>";
		};
		164B126624D17AC00069B5EC /* TabBar Item VC */ = {
			isa = PBXGroup;
			children = (
				164B126224D17A6F0069B5EC /* AjiteViewController.swift */,
				164B125E24D17A5B0069B5EC /* CreateAjiteViewController.swift */,
				164B126024D17A640069B5EC /* HomeViewController.swift */,
				164B126424D17AAB0069B5EC /* PlaylistViewController.swift */,
				164B125C24D17A240069B5EC /* ProfileViewController.swift */,
			);
			path = "TabBar Item VC";
			sourceTree = "<group>";
		};
		16AE4ADD24CC761400807ECB = {
			isa = PBXGroup;
			children = (
				16AE4AE824CC761400807ECB /* ajite */,
				16AE4B0224CC761900807ECB /* ajiteTests */,
				16AE4B0D24CC761900807ECB /* ajiteUITests */,
				16AE4AE724CC761400807ECB /* Products */,
				D06289D0E54FD4FB4A9057AD /* Pods */,
				8F49A914A998D1FB38B8C46B /* Frameworks */,
			);
			sourceTree = "<group>";
		};
		16AE4AE724CC761400807ECB /* Products */ = {
			isa = PBXGroup;
			children = (
				16AE4AE624CC761400807ECB /* ajite.app */,
				16AE4AFF24CC761900807ECB /* ajiteTests.xctest */,
				16AE4B0A24CC761900807ECB /* ajiteUITests.xctest */,
			);
			name = Products;
			sourceTree = "<group>";
		};
		16AE4AE824CC761400807ECB /* ajite */ = {
			isa = PBXGroup;
			children = (
				DEA14A2224D3CD7100B7FA2D /* GoogleService-Info.plist */,
				161C12D624CC97B5002E9246 /* Storyboards */,
				16AE4AED24CC761400807ECB /* LoginViewControllers.swift */,
				16AE4AE924CC761400807ECB /* AppDelegate.swift */,
				16AE4AEB24CC761400807ECB /* SceneDelegate.swift */,
				164B126624D17AC00069B5EC /* TabBar Item VC */,
				16C133D524D71BD700DA4177 /* UIResources Swift */,
				16C133DE24D84EBE00DA4177 /* Playlist */,
				1645EB1524D6E1FE007ACBF5 /* SettingsViewController.swift */,
				16C133D124D70B4D00DA4177 /* AjiteRoomViewController.swift */,
				16AE4AF524CC761800807ECB /* Assets.xcassets */,
				16AE4AFA24CC761800807ECB /* Info.plist */,
				1645658324CE889100DDA830 /* made.otf */,
				16AE4AF224CC761400807ECB /* ajite.xcdatamodeld */,
				161C12E424CD9B59002E9246 /* DesignableView.swift */,
				DEA14A2624D422A400B7FA2D /* TabBarMenuViewController.swift */,
				DEA14A3024D58B2A00B7FA2D /* YoutubePlayerViewController.swift */,
			);
			path = ajite;
			sourceTree = "<group>";
		};
		16AE4B0224CC761900807ECB /* ajiteTests */ = {
			isa = PBXGroup;
			children = (
				16AE4B0324CC761900807ECB /* ajiteTests.swift */,
				16AE4B0524CC761900807ECB /* Info.plist */,
			);
			path = ajiteTests;
			sourceTree = "<group>";
		};
		16AE4B0D24CC761900807ECB /* ajiteUITests */ = {
			isa = PBXGroup;
			children = (
				16AE4B0E24CC761900807ECB /* ajiteUITests.swift */,
				16AE4B1024CC761900807ECB /* Info.plist */,
			);
			path = ajiteUITests;
			sourceTree = "<group>";
		};
		16C133D524D71BD700DA4177 /* UIResources Swift */ = {
			isa = PBXGroup;
			children = (
				1645EB1324D6B246007ACBF5 /* CircleImageView.swift */,
			);
			path = "UIResources Swift";
			sourceTree = "<group>";
		};
		16C133DE24D84EBE00DA4177 /* Playlist */ = {
			isa = PBXGroup;
			children = (
				16C133E524D852C200DA4177 /* PlaylistSongListViewController.swift */,
				16C133E124D851EF00DA4177 /* NewPlaylistViewController.swift */,
				1645EB0D24D688EE007ACBF5 /* InsidePlaylistViewController.swift */,
			);
			path = Playlist;
			sourceTree = "<group>";
		};
		8F49A914A998D1FB38B8C46B /* Frameworks */ = {
			isa = PBXGroup;
			children = (
				223357BD1FB96AE136E86622 /* libPods-ajite.a */,
				6F0B7B1C9976D2637B3A8C68 /* libPods-ajite-ajiteUITests.a */,
				1F366D6D791255A79E968006 /* libPods-ajiteTests.a */,
			);
			name = Frameworks;
			sourceTree = "<group>";
		};
		D06289D0E54FD4FB4A9057AD /* Pods */ = {
			isa = PBXGroup;
			children = (
				2FBFF8655778FA2B7DA06F6D /* Pods-ajite.debug.xcconfig */,
				08CE5227FC726640CFE6A21B /* Pods-ajite.release.xcconfig */,
				0AD2B31ACFE4FB732CF68248 /* Pods-ajite-ajiteUITests.debug.xcconfig */,
				08125D956A5BDEFF9E72F287 /* Pods-ajite-ajiteUITests.release.xcconfig */,
				80CFA86BB9B0F3D43A70F2FC /* Pods-ajiteTests.debug.xcconfig */,
				D452F51C3DD4EA8BB6468220 /* Pods-ajiteTests.release.xcconfig */,
			);
			path = Pods;
			sourceTree = "<group>";
		};
/* End PBXGroup section */

/* Begin PBXNativeTarget section */
		16AE4AE524CC761400807ECB /* ajite */ = {
			isa = PBXNativeTarget;
			buildConfigurationList = 16AE4B1324CC761900807ECB /* Build configuration list for PBXNativeTarget "ajite" */;
			buildPhases = (
				3B9255F8DFC15EEB61BF3248 /* [CP] Check Pods Manifest.lock */,
				16AE4AE224CC761400807ECB /* Sources */,
				16AE4AE324CC761400807ECB /* Frameworks */,
				16AE4AE424CC761400807ECB /* Resources */,
				FBC0023C1246B2A8ACBFE166 /* [CP] Copy Pods Resources */,
			);
			buildRules = (
			);
			dependencies = (
			);
			name = ajite;
			productName = ajite;
			productReference = 16AE4AE624CC761400807ECB /* ajite.app */;
			productType = "com.apple.product-type.application";
		};
		16AE4AFE24CC761900807ECB /* ajiteTests */ = {
			isa = PBXNativeTarget;
			buildConfigurationList = 16AE4B1624CC761900807ECB /* Build configuration list for PBXNativeTarget "ajiteTests" */;
			buildPhases = (
				7DDC2809463D78EE20A7512C /* [CP] Check Pods Manifest.lock */,
				16AE4AFB24CC761900807ECB /* Sources */,
				16AE4AFC24CC761900807ECB /* Frameworks */,
				16AE4AFD24CC761900807ECB /* Resources */,
			);
			buildRules = (
			);
			dependencies = (
				16AE4B0124CC761900807ECB /* PBXTargetDependency */,
			);
			name = ajiteTests;
			productName = ajiteTests;
			productReference = 16AE4AFF24CC761900807ECB /* ajiteTests.xctest */;
			productType = "com.apple.product-type.bundle.unit-test";
		};
		16AE4B0924CC761900807ECB /* ajiteUITests */ = {
			isa = PBXNativeTarget;
			buildConfigurationList = 16AE4B1924CC761900807ECB /* Build configuration list for PBXNativeTarget "ajiteUITests" */;
			buildPhases = (
				D237C5EAA2C65FB6711132AC /* [CP] Check Pods Manifest.lock */,
				16AE4B0624CC761900807ECB /* Sources */,
				16AE4B0724CC761900807ECB /* Frameworks */,
				16AE4B0824CC761900807ECB /* Resources */,
				B066319422314929599A9F34 /* [CP] Copy Pods Resources */,
			);
			buildRules = (
			);
			dependencies = (
				16AE4B0C24CC761900807ECB /* PBXTargetDependency */,
			);
			name = ajiteUITests;
			productName = ajiteUITests;
			productReference = 16AE4B0A24CC761900807ECB /* ajiteUITests.xctest */;
			productType = "com.apple.product-type.bundle.ui-testing";
		};
/* End PBXNativeTarget section */

/* Begin PBXProject section */
		16AE4ADE24CC761400807ECB /* Project object */ = {
			isa = PBXProject;
			attributes = {
				LastSwiftUpdateCheck = 1160;
				LastUpgradeCheck = 1160;
				ORGANIZATIONNAME = ajite;
				TargetAttributes = {
					16AE4AE524CC761400807ECB = {
						CreatedOnToolsVersion = 11.6;
					};
					16AE4AFE24CC761900807ECB = {
						CreatedOnToolsVersion = 11.6;
						TestTargetID = 16AE4AE524CC761400807ECB;
					};
					16AE4B0924CC761900807ECB = {
						CreatedOnToolsVersion = 11.6;
						TestTargetID = 16AE4AE524CC761400807ECB;
					};
				};
			};
			buildConfigurationList = 16AE4AE124CC761400807ECB /* Build configuration list for PBXProject "ajite" */;
			compatibilityVersion = "Xcode 9.3";
			developmentRegion = en;
			hasScannedForEncodings = 0;
			knownRegions = (
				en,
				Base,
			);
			mainGroup = 16AE4ADD24CC761400807ECB;
			productRefGroup = 16AE4AE724CC761400807ECB /* Products */;
			projectDirPath = "";
			projectRoot = "";
			targets = (
				16AE4AE524CC761400807ECB /* ajite */,
				16AE4AFE24CC761900807ECB /* ajiteTests */,
				16AE4B0924CC761900807ECB /* ajiteUITests */,
			);
		};
/* End PBXProject section */

/* Begin PBXResourcesBuildPhase section */
		16AE4AE424CC761400807ECB /* Resources */ = {
			isa = PBXResourcesBuildPhase;
			buildActionMask = 2147483647;
			files = (
				1645658424CE889100DDA830 /* made.otf in Resources */,
				16AE4AF924CC761800807ECB /* LaunchScreen.storyboard in Resources */,
				DEA14A2324D3CD7100B7FA2D /* GoogleService-Info.plist in Resources */,
				16AE4AF624CC761800807ECB /* Assets.xcassets in Resources */,
				16AE4AF124CC761400807ECB /* Main.storyboard in Resources */,
			);
			runOnlyForDeploymentPostprocessing = 0;
		};
		16AE4AFD24CC761900807ECB /* Resources */ = {
			isa = PBXResourcesBuildPhase;
			buildActionMask = 2147483647;
			files = (
				DEA14A2424D3CD7100B7FA2D /* GoogleService-Info.plist in Resources */,
			);
			runOnlyForDeploymentPostprocessing = 0;
		};
		16AE4B0824CC761900807ECB /* Resources */ = {
			isa = PBXResourcesBuildPhase;
			buildActionMask = 2147483647;
			files = (
				DEA14A2524D3CD7100B7FA2D /* GoogleService-Info.plist in Resources */,
			);
			runOnlyForDeploymentPostprocessing = 0;
		};
/* End PBXResourcesBuildPhase section */

/* Begin PBXShellScriptBuildPhase section */
		3B9255F8DFC15EEB61BF3248 /* [CP] Check Pods Manifest.lock */ = {
			isa = PBXShellScriptBuildPhase;
			buildActionMask = 2147483647;
			files = (
			);
			inputFileListPaths = (
			);
			inputPaths = (
				"${PODS_PODFILE_DIR_PATH}/Podfile.lock",
				"${PODS_ROOT}/Manifest.lock",
			);
			name = "[CP] Check Pods Manifest.lock";
			outputFileListPaths = (
			);
			outputPaths = (
				"$(DERIVED_FILE_DIR)/Pods-ajite-checkManifestLockResult.txt",
			);
			runOnlyForDeploymentPostprocessing = 0;
			shellPath = /bin/sh;
			shellScript = "diff \"${PODS_PODFILE_DIR_PATH}/Podfile.lock\" \"${PODS_ROOT}/Manifest.lock\" > /dev/null\nif [ $? != 0 ] ; then\n    # print error to STDERR\n    echo \"error: The sandbox is not in sync with the Podfile.lock. Run 'pod install' or update your CocoaPods installation.\" >&2\n    exit 1\nfi\n# This output is used by Xcode 'outputs' to avoid re-running this script phase.\necho \"SUCCESS\" > \"${SCRIPT_OUTPUT_FILE_0}\"\n";
			showEnvVarsInLog = 0;
		};
		7DDC2809463D78EE20A7512C /* [CP] Check Pods Manifest.lock */ = {
			isa = PBXShellScriptBuildPhase;
			buildActionMask = 2147483647;
			files = (
			);
			inputFileListPaths = (
			);
			inputPaths = (
				"${PODS_PODFILE_DIR_PATH}/Podfile.lock",
				"${PODS_ROOT}/Manifest.lock",
			);
			name = "[CP] Check Pods Manifest.lock";
			outputFileListPaths = (
			);
			outputPaths = (
				"$(DERIVED_FILE_DIR)/Pods-ajiteTests-checkManifestLockResult.txt",
			);
			runOnlyForDeploymentPostprocessing = 0;
			shellPath = /bin/sh;
			shellScript = "diff \"${PODS_PODFILE_DIR_PATH}/Podfile.lock\" \"${PODS_ROOT}/Manifest.lock\" > /dev/null\nif [ $? != 0 ] ; then\n    # print error to STDERR\n    echo \"error: The sandbox is not in sync with the Podfile.lock. Run 'pod install' or update your CocoaPods installation.\" >&2\n    exit 1\nfi\n# This output is used by Xcode 'outputs' to avoid re-running this script phase.\necho \"SUCCESS\" > \"${SCRIPT_OUTPUT_FILE_0}\"\n";
			showEnvVarsInLog = 0;
		};
		B066319422314929599A9F34 /* [CP] Copy Pods Resources */ = {
			isa = PBXShellScriptBuildPhase;
			buildActionMask = 2147483647;
			files = (
			);
			inputFileListPaths = (
				"${PODS_ROOT}/Target Support Files/Pods-ajite-ajiteUITests/Pods-ajite-ajiteUITests-resources-${CONFIGURATION}-input-files.xcfilelist",
			);
			name = "[CP] Copy Pods Resources";
			outputFileListPaths = (
				"${PODS_ROOT}/Target Support Files/Pods-ajite-ajiteUITests/Pods-ajite-ajiteUITests-resources-${CONFIGURATION}-output-files.xcfilelist",
			);
			runOnlyForDeploymentPostprocessing = 0;
			shellPath = /bin/sh;
			shellScript = "\"${PODS_ROOT}/Target Support Files/Pods-ajite-ajiteUITests/Pods-ajite-ajiteUITests-resources.sh\"\n";
			showEnvVarsInLog = 0;
		};
		D237C5EAA2C65FB6711132AC /* [CP] Check Pods Manifest.lock */ = {
			isa = PBXShellScriptBuildPhase;
			buildActionMask = 2147483647;
			files = (
			);
			inputFileListPaths = (
			);
			inputPaths = (
				"${PODS_PODFILE_DIR_PATH}/Podfile.lock",
				"${PODS_ROOT}/Manifest.lock",
			);
			name = "[CP] Check Pods Manifest.lock";
			outputFileListPaths = (
			);
			outputPaths = (
				"$(DERIVED_FILE_DIR)/Pods-ajite-ajiteUITests-checkManifestLockResult.txt",
			);
			runOnlyForDeploymentPostprocessing = 0;
			shellPath = /bin/sh;
			shellScript = "diff \"${PODS_PODFILE_DIR_PATH}/Podfile.lock\" \"${PODS_ROOT}/Manifest.lock\" > /dev/null\nif [ $? != 0 ] ; then\n    # print error to STDERR\n    echo \"error: The sandbox is not in sync with the Podfile.lock. Run 'pod install' or update your CocoaPods installation.\" >&2\n    exit 1\nfi\n# This output is used by Xcode 'outputs' to avoid re-running this script phase.\necho \"SUCCESS\" > \"${SCRIPT_OUTPUT_FILE_0}\"\n";
			showEnvVarsInLog = 0;
		};
		FBC0023C1246B2A8ACBFE166 /* [CP] Copy Pods Resources */ = {
			isa = PBXShellScriptBuildPhase;
			buildActionMask = 2147483647;
			files = (
			);
			inputFileListPaths = (
				"${PODS_ROOT}/Target Support Files/Pods-ajite/Pods-ajite-resources-${CONFIGURATION}-input-files.xcfilelist",
			);
			name = "[CP] Copy Pods Resources";
			outputFileListPaths = (
				"${PODS_ROOT}/Target Support Files/Pods-ajite/Pods-ajite-resources-${CONFIGURATION}-output-files.xcfilelist",
			);
			runOnlyForDeploymentPostprocessing = 0;
			shellPath = /bin/sh;
			shellScript = "\"${PODS_ROOT}/Target Support Files/Pods-ajite/Pods-ajite-resources.sh\"\n";
			showEnvVarsInLog = 0;
		};
/* End PBXShellScriptBuildPhase section */

/* Begin PBXSourcesBuildPhase section */
		16AE4AE224CC761400807ECB /* Sources */ = {
			isa = PBXSourcesBuildPhase;
			buildActionMask = 2147483647;
			files = (
				164B125F24D17A5B0069B5EC /* CreateAjiteViewController.swift in Sources */,
				16C133E224D851EF00DA4177 /* NewPlaylistViewController.swift in Sources */,
				16C133D224D70B4D00DA4177 /* AjiteRoomViewController.swift in Sources */,
				164B125D24D17A240069B5EC /* ProfileViewController.swift in Sources */,
				16AE4AEE24CC761400807ECB /* LoginViewControllers.swift in Sources */,
				164B126124D17A640069B5EC /* HomeViewController.swift in Sources */,
				16AE4AEA24CC761400807ECB /* AppDelegate.swift in Sources */,
				DEA14A2724D422A400B7FA2D /* TabBarMenuViewController.swift in Sources */,
				1645EB1424D6B246007ACBF5 /* CircleImageView.swift in Sources */,
				1645EB0E24D688EE007ACBF5 /* InsidePlaylistViewController.swift in Sources */,
				1645EB1624D6E1FE007ACBF5 /* SettingsViewController.swift in Sources */,
				16AE4AEC24CC761400807ECB /* SceneDelegate.swift in Sources */,
				164B126524D17AAB0069B5EC /* PlaylistViewController.swift in Sources */,
				16C133E624D852C200DA4177 /* PlaylistSongListViewController.swift in Sources */,
				161C12E524CD9B59002E9246 /* DesignableView.swift in Sources */,
				164B126324D17A6F0069B5EC /* AjiteViewController.swift in Sources */,
				16AE4AF424CC761400807ECB /* ajite.xcdatamodeld in Sources */,
				DEA14A3124D58B2A00B7FA2D /* YoutubePlayerViewController.swift in Sources */,
			);
			runOnlyForDeploymentPostprocessing = 0;
		};
		16AE4AFB24CC761900807ECB /* Sources */ = {
			isa = PBXSourcesBuildPhase;
			buildActionMask = 2147483647;
			files = (
				16AE4B0424CC761900807ECB /* ajiteTests.swift in Sources */,
			);
			runOnlyForDeploymentPostprocessing = 0;
		};
		16AE4B0624CC761900807ECB /* Sources */ = {
			isa = PBXSourcesBuildPhase;
			buildActionMask = 2147483647;
			files = (
				16AE4B0F24CC761900807ECB /* ajiteUITests.swift in Sources */,
			);
			runOnlyForDeploymentPostprocessing = 0;
		};
/* End PBXSourcesBuildPhase section */

/* Begin PBXTargetDependency section */
		16AE4B0124CC761900807ECB /* PBXTargetDependency */ = {
			isa = PBXTargetDependency;
			target = 16AE4AE524CC761400807ECB /* ajite */;
			targetProxy = 16AE4B0024CC761900807ECB /* PBXContainerItemProxy */;
		};
		16AE4B0C24CC761900807ECB /* PBXTargetDependency */ = {
			isa = PBXTargetDependency;
			target = 16AE4AE524CC761400807ECB /* ajite */;
			targetProxy = 16AE4B0B24CC761900807ECB /* PBXContainerItemProxy */;
		};
/* End PBXTargetDependency section */

/* Begin PBXVariantGroup section */
		16AE4AEF24CC761400807ECB /* Main.storyboard */ = {
			isa = PBXVariantGroup;
			children = (
				16AE4AF024CC761400807ECB /* Base */,
			);
			name = Main.storyboard;
			sourceTree = "<group>";
		};
		16AE4AF724CC761800807ECB /* LaunchScreen.storyboard */ = {
			isa = PBXVariantGroup;
			children = (
				16AE4AF824CC761800807ECB /* Base */,
			);
			name = LaunchScreen.storyboard;
			sourceTree = "<group>";
		};
/* End PBXVariantGroup section */

/* Begin XCBuildConfiguration section */
		16AE4B1124CC761900807ECB /* Debug */ = {
			isa = XCBuildConfiguration;
			buildSettings = {
				ALWAYS_SEARCH_USER_PATHS = NO;
				CLANG_ANALYZER_NONNULL = YES;
				CLANG_ANALYZER_NUMBER_OBJECT_CONVERSION = YES_AGGRESSIVE;
				CLANG_CXX_LANGUAGE_STANDARD = "gnu++14";
				CLANG_CXX_LIBRARY = "libc++";
				CLANG_ENABLE_MODULES = YES;
				CLANG_ENABLE_OBJC_ARC = YES;
				CLANG_ENABLE_OBJC_WEAK = YES;
				CLANG_WARN_BLOCK_CAPTURE_AUTORELEASING = YES;
				CLANG_WARN_BOOL_CONVERSION = YES;
				CLANG_WARN_COMMA = YES;
				CLANG_WARN_CONSTANT_CONVERSION = YES;
				CLANG_WARN_DEPRECATED_OBJC_IMPLEMENTATIONS = YES;
				CLANG_WARN_DIRECT_OBJC_ISA_USAGE = YES_ERROR;
				CLANG_WARN_DOCUMENTATION_COMMENTS = YES;
				CLANG_WARN_EMPTY_BODY = YES;
				CLANG_WARN_ENUM_CONVERSION = YES;
				CLANG_WARN_INFINITE_RECURSION = YES;
				CLANG_WARN_INT_CONVERSION = YES;
				CLANG_WARN_NON_LITERAL_NULL_CONVERSION = YES;
				CLANG_WARN_OBJC_IMPLICIT_RETAIN_SELF = YES;
				CLANG_WARN_OBJC_LITERAL_CONVERSION = YES;
				CLANG_WARN_OBJC_ROOT_CLASS = YES_ERROR;
				CLANG_WARN_RANGE_LOOP_ANALYSIS = YES;
				CLANG_WARN_STRICT_PROTOTYPES = YES;
				CLANG_WARN_SUSPICIOUS_MOVE = YES;
				CLANG_WARN_UNGUARDED_AVAILABILITY = YES_AGGRESSIVE;
				CLANG_WARN_UNREACHABLE_CODE = YES;
				CLANG_WARN__DUPLICATE_METHOD_MATCH = YES;
				COPY_PHASE_STRIP = NO;
				DEBUG_INFORMATION_FORMAT = dwarf;
				ENABLE_STRICT_OBJC_MSGSEND = YES;
				ENABLE_TESTABILITY = YES;
				GCC_C_LANGUAGE_STANDARD = gnu11;
				GCC_DYNAMIC_NO_PIC = NO;
				GCC_NO_COMMON_BLOCKS = YES;
				GCC_OPTIMIZATION_LEVEL = 0;
				GCC_PREPROCESSOR_DEFINITIONS = (
					"DEBUG=1",
					"$(inherited)",
				);
				GCC_WARN_64_TO_32_BIT_CONVERSION = YES;
				GCC_WARN_ABOUT_RETURN_TYPE = YES_ERROR;
				GCC_WARN_UNDECLARED_SELECTOR = YES;
				GCC_WARN_UNINITIALIZED_AUTOS = YES_AGGRESSIVE;
				GCC_WARN_UNUSED_FUNCTION = YES;
				GCC_WARN_UNUSED_VARIABLE = YES;
				IPHONEOS_DEPLOYMENT_TARGET = 13.6;
				MTL_ENABLE_DEBUG_INFO = INCLUDE_SOURCE;
				MTL_FAST_MATH = YES;
				ONLY_ACTIVE_ARCH = YES;
				SDKROOT = iphoneos;
				SWIFT_ACTIVE_COMPILATION_CONDITIONS = DEBUG;
				SWIFT_OPTIMIZATION_LEVEL = "-Onone";
			};
			name = Debug;
		};
		16AE4B1224CC761900807ECB /* Release */ = {
			isa = XCBuildConfiguration;
			buildSettings = {
				ALWAYS_SEARCH_USER_PATHS = NO;
				CLANG_ANALYZER_NONNULL = YES;
				CLANG_ANALYZER_NUMBER_OBJECT_CONVERSION = YES_AGGRESSIVE;
				CLANG_CXX_LANGUAGE_STANDARD = "gnu++14";
				CLANG_CXX_LIBRARY = "libc++";
				CLANG_ENABLE_MODULES = YES;
				CLANG_ENABLE_OBJC_ARC = YES;
				CLANG_ENABLE_OBJC_WEAK = YES;
				CLANG_WARN_BLOCK_CAPTURE_AUTORELEASING = YES;
				CLANG_WARN_BOOL_CONVERSION = YES;
				CLANG_WARN_COMMA = YES;
				CLANG_WARN_CONSTANT_CONVERSION = YES;
				CLANG_WARN_DEPRECATED_OBJC_IMPLEMENTATIONS = YES;
				CLANG_WARN_DIRECT_OBJC_ISA_USAGE = YES_ERROR;
				CLANG_WARN_DOCUMENTATION_COMMENTS = YES;
				CLANG_WARN_EMPTY_BODY = YES;
				CLANG_WARN_ENUM_CONVERSION = YES;
				CLANG_WARN_INFINITE_RECURSION = YES;
				CLANG_WARN_INT_CONVERSION = YES;
				CLANG_WARN_NON_LITERAL_NULL_CONVERSION = YES;
				CLANG_WARN_OBJC_IMPLICIT_RETAIN_SELF = YES;
				CLANG_WARN_OBJC_LITERAL_CONVERSION = YES;
				CLANG_WARN_OBJC_ROOT_CLASS = YES_ERROR;
				CLANG_WARN_RANGE_LOOP_ANALYSIS = YES;
				CLANG_WARN_STRICT_PROTOTYPES = YES;
				CLANG_WARN_SUSPICIOUS_MOVE = YES;
				CLANG_WARN_UNGUARDED_AVAILABILITY = YES_AGGRESSIVE;
				CLANG_WARN_UNREACHABLE_CODE = YES;
				CLANG_WARN__DUPLICATE_METHOD_MATCH = YES;
				COPY_PHASE_STRIP = NO;
				DEBUG_INFORMATION_FORMAT = "dwarf-with-dsym";
				ENABLE_NS_ASSERTIONS = NO;
				ENABLE_STRICT_OBJC_MSGSEND = YES;
				GCC_C_LANGUAGE_STANDARD = gnu11;
				GCC_NO_COMMON_BLOCKS = YES;
				GCC_WARN_64_TO_32_BIT_CONVERSION = YES;
				GCC_WARN_ABOUT_RETURN_TYPE = YES_ERROR;
				GCC_WARN_UNDECLARED_SELECTOR = YES;
				GCC_WARN_UNINITIALIZED_AUTOS = YES_AGGRESSIVE;
				GCC_WARN_UNUSED_FUNCTION = YES;
				GCC_WARN_UNUSED_VARIABLE = YES;
				IPHONEOS_DEPLOYMENT_TARGET = 13.6;
				MTL_ENABLE_DEBUG_INFO = NO;
				MTL_FAST_MATH = YES;
				SDKROOT = iphoneos;
				SWIFT_COMPILATION_MODE = wholemodule;
				SWIFT_OPTIMIZATION_LEVEL = "-O";
				VALIDATE_PRODUCT = YES;
			};
			name = Release;
		};
		16AE4B1424CC761900807ECB /* Debug */ = {
			isa = XCBuildConfiguration;
			baseConfigurationReference = 2FBFF8655778FA2B7DA06F6D /* Pods-ajite.debug.xcconfig */;
			buildSettings = {
				ASSETCATALOG_COMPILER_APPICON_NAME = AppIcon;
				CODE_SIGN_STYLE = Automatic;
				DEVELOPMENT_TEAM = TPTTW8HP27;
				INFOPLIST_FILE = ajite/Info.plist;
				IPHONEOS_DEPLOYMENT_TARGET = 13.0;
				LD_RUNPATH_SEARCH_PATHS = (
					"$(inherited)",
					"@executable_path/Frameworks",
				);
				PRODUCT_BUNDLE_IDENTIFIER = com.teamajite.ajite;
				PRODUCT_NAME = "$(TARGET_NAME)";
				SWIFT_VERSION = 5.0;
				TARGETED_DEVICE_FAMILY = "1,2";
			};
			name = Debug;
		};
		16AE4B1524CC761900807ECB /* Release */ = {
			isa = XCBuildConfiguration;
			baseConfigurationReference = 08CE5227FC726640CFE6A21B /* Pods-ajite.release.xcconfig */;
			buildSettings = {
				ASSETCATALOG_COMPILER_APPICON_NAME = AppIcon;
				CODE_SIGN_STYLE = Automatic;
				DEVELOPMENT_TEAM = TPTTW8HP27;
				INFOPLIST_FILE = ajite/Info.plist;
				IPHONEOS_DEPLOYMENT_TARGET = 13.0;
				LD_RUNPATH_SEARCH_PATHS = (
					"$(inherited)",
					"@executable_path/Frameworks",
				);
				PRODUCT_BUNDLE_IDENTIFIER = com.teamajite.ajite;
				PRODUCT_NAME = "$(TARGET_NAME)";
				SWIFT_VERSION = 5.0;
				TARGETED_DEVICE_FAMILY = "1,2";
			};
			name = Release;
		};
		16AE4B1724CC761900807ECB /* Debug */ = {
			isa = XCBuildConfiguration;
			baseConfigurationReference = 80CFA86BB9B0F3D43A70F2FC /* Pods-ajiteTests.debug.xcconfig */;
			buildSettings = {
				ALWAYS_EMBED_SWIFT_STANDARD_LIBRARIES = YES;
				BUNDLE_LOADER = "$(TEST_HOST)";
				CODE_SIGN_STYLE = Automatic;
				INFOPLIST_FILE = ajiteTests/Info.plist;
				IPHONEOS_DEPLOYMENT_TARGET = 13.6;
				LD_RUNPATH_SEARCH_PATHS = (
					"$(inherited)",
					"@executable_path/Frameworks",
					"@loader_path/Frameworks",
				);
				PRODUCT_BUNDLE_IDENTIFIER = com.teamajite.ajiteTests;
				PRODUCT_NAME = "$(TARGET_NAME)";
				SWIFT_VERSION = 5.0;
				TARGETED_DEVICE_FAMILY = "1,2";
				TEST_HOST = "$(BUILT_PRODUCTS_DIR)/ajite.app/ajite";
			};
			name = Debug;
		};
		16AE4B1824CC761900807ECB /* Release */ = {
			isa = XCBuildConfiguration;
			baseConfigurationReference = D452F51C3DD4EA8BB6468220 /* Pods-ajiteTests.release.xcconfig */;
			buildSettings = {
				ALWAYS_EMBED_SWIFT_STANDARD_LIBRARIES = YES;
				BUNDLE_LOADER = "$(TEST_HOST)";
				CODE_SIGN_STYLE = Automatic;
				INFOPLIST_FILE = ajiteTests/Info.plist;
				IPHONEOS_DEPLOYMENT_TARGET = 13.6;
				LD_RUNPATH_SEARCH_PATHS = (
					"$(inherited)",
					"@executable_path/Frameworks",
					"@loader_path/Frameworks",
				);
				PRODUCT_BUNDLE_IDENTIFIER = com.teamajite.ajiteTests;
				PRODUCT_NAME = "$(TARGET_NAME)";
				SWIFT_VERSION = 5.0;
				TARGETED_DEVICE_FAMILY = "1,2";
				TEST_HOST = "$(BUILT_PRODUCTS_DIR)/ajite.app/ajite";
			};
			name = Release;
		};
		16AE4B1A24CC761900807ECB /* Debug */ = {
			isa = XCBuildConfiguration;
			baseConfigurationReference = 0AD2B31ACFE4FB732CF68248 /* Pods-ajite-ajiteUITests.debug.xcconfig */;
			buildSettings = {
				ALWAYS_EMBED_SWIFT_STANDARD_LIBRARIES = YES;
				CODE_SIGN_STYLE = Automatic;
				INFOPLIST_FILE = ajiteUITests/Info.plist;
				LD_RUNPATH_SEARCH_PATHS = (
					"$(inherited)",
					"@executable_path/Frameworks",
					"@loader_path/Frameworks",
				);
				PRODUCT_BUNDLE_IDENTIFIER = com.teamajite.ajiteUITests;
				PRODUCT_NAME = "$(TARGET_NAME)";
				SWIFT_VERSION = 5.0;
				TARGETED_DEVICE_FAMILY = "1,2";
				TEST_TARGET_NAME = ajite;
			};
			name = Debug;
		};
		16AE4B1B24CC761900807ECB /* Release */ = {
			isa = XCBuildConfiguration;
			baseConfigurationReference = 08125D956A5BDEFF9E72F287 /* Pods-ajite-ajiteUITests.release.xcconfig */;
			buildSettings = {
				ALWAYS_EMBED_SWIFT_STANDARD_LIBRARIES = YES;
				CODE_SIGN_STYLE = Automatic;
				INFOPLIST_FILE = ajiteUITests/Info.plist;
				LD_RUNPATH_SEARCH_PATHS = (
					"$(inherited)",
					"@executable_path/Frameworks",
					"@loader_path/Frameworks",
				);
				PRODUCT_BUNDLE_IDENTIFIER = com.teamajite.ajiteUITests;
				PRODUCT_NAME = "$(TARGET_NAME)";
				SWIFT_VERSION = 5.0;
				TARGETED_DEVICE_FAMILY = "1,2";
				TEST_TARGET_NAME = ajite;
			};
			name = Release;
		};
/* End XCBuildConfiguration section */

/* Begin XCConfigurationList section */
		16AE4AE124CC761400807ECB /* Build configuration list for PBXProject "ajite" */ = {
			isa = XCConfigurationList;
			buildConfigurations = (
				16AE4B1124CC761900807ECB /* Debug */,
				16AE4B1224CC761900807ECB /* Release */,
			);
			defaultConfigurationIsVisible = 0;
			defaultConfigurationName = Release;
		};
		16AE4B1324CC761900807ECB /* Build configuration list for PBXNativeTarget "ajite" */ = {
			isa = XCConfigurationList;
			buildConfigurations = (
				16AE4B1424CC761900807ECB /* Debug */,
				16AE4B1524CC761900807ECB /* Release */,
			);
			defaultConfigurationIsVisible = 0;
			defaultConfigurationName = Release;
		};
		16AE4B1624CC761900807ECB /* Build configuration list for PBXNativeTarget "ajiteTests" */ = {
			isa = XCConfigurationList;
			buildConfigurations = (
				16AE4B1724CC761900807ECB /* Debug */,
				16AE4B1824CC761900807ECB /* Release */,
			);
			defaultConfigurationIsVisible = 0;
			defaultConfigurationName = Release;
		};
		16AE4B1924CC761900807ECB /* Build configuration list for PBXNativeTarget "ajiteUITests" */ = {
			isa = XCConfigurationList;
			buildConfigurations = (
				16AE4B1A24CC761900807ECB /* Debug */,
				16AE4B1B24CC761900807ECB /* Release */,
			);
			defaultConfigurationIsVisible = 0;
			defaultConfigurationName = Release;
		};
/* End XCConfigurationList section */

/* Begin XCVersionGroup section */
		16AE4AF224CC761400807ECB /* ajite.xcdatamodeld */ = {
			isa = XCVersionGroup;
			children = (
				16AE4AF324CC761400807ECB /* ajite.xcdatamodel */,
			);
			currentVersion = 16AE4AF324CC761400807ECB /* ajite.xcdatamodel */;
			path = ajite.xcdatamodeld;
			sourceTree = "<group>";
			versionGroupType = wrapper.xcdatamodel;
		};
/* End XCVersionGroup section */
	};
	rootObject = 16AE4ADE24CC761400807ECB /* Project object */;
}
